
Microsoft Visual Studio Solution File, Format Version 12.00
# Visual Studio 2013
VisualStudioVersion = 12.0.40629.0
MinimumVisualStudioVersion = 10.0.40219.1
Project("{FAE04EC0-301F-11D3-BF4B-00C04F79EFBC}") = "CarbonCore.GrammarParser", "GrammarParser\CarbonCore.GrammarParser.csproj", "{50C22F18-89F6-48F3-A29F-CA25FDADDB90}"
EndProject
Project("{FAE04EC0-301F-11D3-BF4B-00C04F79EFBC}") = "CarbonCore.JSharpBridge", "JSharpBridge\CarbonCore.JSharpBridge.csproj", "{770A888A-B717-41A2-BB15-46DDC782D9CE}"
EndProject
Project("{FAE04EC0-301F-11D3-BF4B-00C04F79EFBC}") = "CarbonCore.ToolFramework", "ToolFramework\CarbonCore.ToolFramework.csproj", "{E4643DF2-D2DB-4E99-AB4B-D8CE4FD94D81}"
EndProject
Project("{FAE04EC0-301F-11D3-BF4B-00C04F79EFBC}") = "CarbonCore.Utils", "Utils\CarbonCore.Utils.csproj", "{E05836D9-0BB3-4BFA-89E6-F5ED40A9D93C}"
EndProject
Project("{FAE04EC0-301F-11D3-BF4B-00C04F79EFBC}") = "CarbonCore.UtilsCommandLine", "UtilsCommandLine\CarbonCore.UtilsCommandLine.csproj", "{E99C6721-99A5-4DC3-BD9D-DC88F65D217A}"
EndProject
Project("{FAE04EC0-301F-11D3-BF4B-00C04F79EFBC}") = "CarbonCore.UtilsDX", "UtilsDX\CarbonCore.UtilsDX.csproj", "{C3E6C35A-FE50-481B-9B6A-559DFDFFB52E}"
EndProject
Project("{FAE04EC0-301F-11D3-BF4B-00C04F79EFBC}") = "CarbonCore.UtilsWPF", "UtilsWPF\CarbonCore.UtilsWPF.csproj", "{75FF83F3-C123-4982-91F7-09D0F8A66536}"
EndProject
Project("{FAE04EC0-301F-11D3-BF4B-00C04F79EFBC}") = "CarbonCore.Tests", "Tests\CarbonCore.Tests.csproj", "{322F5DB2-87ED-41EC-9A8B-AA14E1F9ACD3}"
EndProject
Project("{FAE04EC0-301F-11D3-BF4B-00C04F79EFBC}") = "CarbonCore.Resources", "Resources\CarbonCore.Resources.csproj", "{AAB4906E-DE39-4678-A155-14579CC7F4EC}"
EndProject
Project("{FAE04EC0-301F-11D3-BF4B-00C04F79EFBC}") = "CarbonCore.CodeGeneration", "CodeGeneration\CarbonCore.CodeGeneration.csproj", "{9CB52544-9944-4AFD-8335-8397062CBF2F}"
EndProject
Project("{FAE04EC0-301F-11D3-BF4B-00C04F79EFBC}") = "CarbonCore.Processing", "Processing\CarbonCore.Processing.csproj", "{4DB8D196-1F50-493F-9FFB-40E1E503EE87}"
EndProject
Project("{FAE04EC0-301F-11D3-BF4B-00C04F79EFBC}") = "CarbonCore.ContentServices", "ContentServices\CarbonCore.ContentServices.csproj", "{5D3507BD-D8DD-4255-A262-8E360E936F10}"
EndProject
Project("{FAE04EC0-301F-11D3-BF4B-00C04F79EFBC}") = "CarbonCore.Applications.CrystalBuild", "Applications\CrystalBuild\CarbonCore.Applications.CrystalBuild.csproj", "{106B07B6-DD10-480C-9D1B-31C42D4AF348}"
EndProject
Project("{FAE04EC0-301F-11D3-BF4B-00C04F79EFBC}") = "CarbonCore.Applications.MCSync", "Applications\MCSync\CarbonCore.Applications.MCSync.csproj", "{30BE5B25-2A9C-453E-80CE-75D347245537}"
EndProject
Project("{2150E333-8FDC-42A3-9474-1A3956D46DE8}") = "Applications", "Applications", "{7038249C-12AD-4560-BC2A-01FAD5D9B7BD}"
EndProject
Project("{FAE04EC0-301F-11D3-BF4B-00C04F79EFBC}") = "CarbonCore.Utils.Compat", "UtilsCompat\CarbonCore.Utils.Compat.csproj", "{B823CDCE-5ED4-4030-AB35-44DAF233D4C0}"
EndProject
Project("{FAE04EC0-301F-11D3-BF4B-00C04F79EFBC}") = "CarbonCore.Utils.Unity", "UtilsUnity\CarbonCore.Utils.Unity.csproj", "{0EC48D10-8E81-4B43-A7EE-F4BD83516CEA}"
EndProject
Project("{FAE04EC0-301F-11D3-BF4B-00C04F79EFBC}") = "CarbonCore.Utils.Unity.Editor", "UtilsUnityEditor\CarbonCore.Utils.Unity.Editor.csproj", "{DB147104-0C6F-4723-A86F-005AC742D4E6}"
EndProject
Project("{FAE04EC0-301F-11D3-BF4B-00C04F79EFBC}") = "CarbonCore.ContentServices .Compat", "ContentServicesCompat\CarbonCore.ContentServices .Compat.csproj", "{890FF110-443F-4647-80B1-82D414CCCD88}"
EndProject
Project("{FAE04EC0-301F-11D3-BF4B-00C04F79EFBC}") = "CarbonCore.Tests.Compat", "TestsCompat\CarbonCore.Tests.Compat.csproj", "{FBEBE858-E55B-4823-8374-70E8E584F333}"
EndProject
Global
	GlobalSection(SolutionConfigurationPlatforms) = preSolution
		Debug|Any CPU = Debug|Any CPU
		Debug|x64 = Debug|x64
		Release|Any CPU = Release|Any CPU
		Release|x64 = Release|x64
		Unity|Any CPU = Unity|Any CPU
		Unity|x64 = Unity|x64
	EndGlobalSection
	GlobalSection(ProjectConfigurationPlatforms) = postSolution
		{50C22F18-89F6-48F3-A29F-CA25FDADDB90}.Debug|Any CPU.ActiveCfg = Debug|x64
		{50C22F18-89F6-48F3-A29F-CA25FDADDB90}.Debug|Any CPU.Build.0 = Debug|x64
		{50C22F18-89F6-48F3-A29F-CA25FDADDB90}.Debug|x64.ActiveCfg = Debug|x64
		{50C22F18-89F6-48F3-A29F-CA25FDADDB90}.Debug|x64.Build.0 = Debug|x64
		{50C22F18-89F6-48F3-A29F-CA25FDADDB90}.Release|Any CPU.ActiveCfg = Release|x64
		{50C22F18-89F6-48F3-A29F-CA25FDADDB90}.Release|Any CPU.Build.0 = Release|x64
		{50C22F18-89F6-48F3-A29F-CA25FDADDB90}.Release|x64.ActiveCfg = Release|x64
		{50C22F18-89F6-48F3-A29F-CA25FDADDB90}.Release|x64.Build.0 = Release|x64
		{50C22F18-89F6-48F3-A29F-CA25FDADDB90}.Unity|Any CPU.ActiveCfg = Release|x64
		{50C22F18-89F6-48F3-A29F-CA25FDADDB90}.Unity|x64.ActiveCfg = Release|x64
		{770A888A-B717-41A2-BB15-46DDC782D9CE}.Debug|Any CPU.ActiveCfg = Debug|x64
		{770A888A-B717-41A2-BB15-46DDC782D9CE}.Debug|Any CPU.Build.0 = Debug|x64
		{770A888A-B717-41A2-BB15-46DDC782D9CE}.Debug|x64.ActiveCfg = Debug|x64
		{770A888A-B717-41A2-BB15-46DDC782D9CE}.Debug|x64.Build.0 = Debug|x64
		{770A888A-B717-41A2-BB15-46DDC782D9CE}.Release|Any CPU.ActiveCfg = Release|x64
		{770A888A-B717-41A2-BB15-46DDC782D9CE}.Release|Any CPU.Build.0 = Release|x64
		{770A888A-B717-41A2-BB15-46DDC782D9CE}.Release|x64.ActiveCfg = Release|x64
		{770A888A-B717-41A2-BB15-46DDC782D9CE}.Release|x64.Build.0 = Release|x64
		{770A888A-B717-41A2-BB15-46DDC782D9CE}.Unity|Any CPU.ActiveCfg = Release|x64
		{770A888A-B717-41A2-BB15-46DDC782D9CE}.Unity|x64.ActiveCfg = Release|x64
		{E4643DF2-D2DB-4E99-AB4B-D8CE4FD94D81}.Debug|Any CPU.ActiveCfg = Debug|x64
		{E4643DF2-D2DB-4E99-AB4B-D8CE4FD94D81}.Debug|Any CPU.Build.0 = Debug|x64
		{E4643DF2-D2DB-4E99-AB4B-D8CE4FD94D81}.Debug|x64.ActiveCfg = Debug|x64
		{E4643DF2-D2DB-4E99-AB4B-D8CE4FD94D81}.Debug|x64.Build.0 = Debug|x64
		{E4643DF2-D2DB-4E99-AB4B-D8CE4FD94D81}.Release|Any CPU.ActiveCfg = Release|x64
		{E4643DF2-D2DB-4E99-AB4B-D8CE4FD94D81}.Release|Any CPU.Build.0 = Release|x64
		{E4643DF2-D2DB-4E99-AB4B-D8CE4FD94D81}.Release|x64.ActiveCfg = Release|x64
		{E4643DF2-D2DB-4E99-AB4B-D8CE4FD94D81}.Release|x64.Build.0 = Release|x64
		{E4643DF2-D2DB-4E99-AB4B-D8CE4FD94D81}.Unity|Any CPU.ActiveCfg = Release|x64
		{E4643DF2-D2DB-4E99-AB4B-D8CE4FD94D81}.Unity|x64.ActiveCfg = Release|x64
		{E05836D9-0BB3-4BFA-89E6-F5ED40A9D93C}.Debug|Any CPU.ActiveCfg = Debug|x64
		{E05836D9-0BB3-4BFA-89E6-F5ED40A9D93C}.Debug|Any CPU.Build.0 = Debug|x64
		{E05836D9-0BB3-4BFA-89E6-F5ED40A9D93C}.Debug|x64.ActiveCfg = Debug|x64
		{E05836D9-0BB3-4BFA-89E6-F5ED40A9D93C}.Debug|x64.Build.0 = Debug|x64
		{E05836D9-0BB3-4BFA-89E6-F5ED40A9D93C}.Release|Any CPU.ActiveCfg = Release|x64
		{E05836D9-0BB3-4BFA-89E6-F5ED40A9D93C}.Release|Any CPU.Build.0 = Release|x64
		{E05836D9-0BB3-4BFA-89E6-F5ED40A9D93C}.Release|x64.ActiveCfg = Release|x64
		{E05836D9-0BB3-4BFA-89E6-F5ED40A9D93C}.Release|x64.Build.0 = Release|x64
		{E05836D9-0BB3-4BFA-89E6-F5ED40A9D93C}.Unity|Any CPU.ActiveCfg = Release|x64
		{E05836D9-0BB3-4BFA-89E6-F5ED40A9D93C}.Unity|x64.ActiveCfg = Release|x64
		{E99C6721-99A5-4DC3-BD9D-DC88F65D217A}.Debug|Any CPU.ActiveCfg = Debug|x64
		{E99C6721-99A5-4DC3-BD9D-DC88F65D217A}.Debug|Any CPU.Build.0 = Debug|x64
		{E99C6721-99A5-4DC3-BD9D-DC88F65D217A}.Debug|x64.ActiveCfg = Debug|x64
		{E99C6721-99A5-4DC3-BD9D-DC88F65D217A}.Debug|x64.Build.0 = Debug|x64
		{E99C6721-99A5-4DC3-BD9D-DC88F65D217A}.Release|Any CPU.ActiveCfg = Release|x64
		{E99C6721-99A5-4DC3-BD9D-DC88F65D217A}.Release|Any CPU.Build.0 = Release|x64
		{E99C6721-99A5-4DC3-BD9D-DC88F65D217A}.Release|x64.ActiveCfg = Release|x64
		{E99C6721-99A5-4DC3-BD9D-DC88F65D217A}.Release|x64.Build.0 = Release|x64
		{E99C6721-99A5-4DC3-BD9D-DC88F65D217A}.Unity|Any CPU.ActiveCfg = Release|x64
		{E99C6721-99A5-4DC3-BD9D-DC88F65D217A}.Unity|x64.ActiveCfg = Release|x64
		{C3E6C35A-FE50-481B-9B6A-559DFDFFB52E}.Debug|Any CPU.ActiveCfg = Debug|x64
		{C3E6C35A-FE50-481B-9B6A-559DFDFFB52E}.Debug|Any CPU.Build.0 = Debug|x64
		{C3E6C35A-FE50-481B-9B6A-559DFDFFB52E}.Debug|x64.ActiveCfg = Debug|x64
		{C3E6C35A-FE50-481B-9B6A-559DFDFFB52E}.Debug|x64.Build.0 = Debug|x64
		{C3E6C35A-FE50-481B-9B6A-559DFDFFB52E}.Release|Any CPU.ActiveCfg = Release|x64
		{C3E6C35A-FE50-481B-9B6A-559DFDFFB52E}.Release|Any CPU.Build.0 = Release|x64
		{C3E6C35A-FE50-481B-9B6A-559DFDFFB52E}.Release|x64.ActiveCfg = Release|x64
		{C3E6C35A-FE50-481B-9B6A-559DFDFFB52E}.Release|x64.Build.0 = Release|x64
		{C3E6C35A-FE50-481B-9B6A-559DFDFFB52E}.Unity|Any CPU.ActiveCfg = Release|x64
		{C3E6C35A-FE50-481B-9B6A-559DFDFFB52E}.Unity|x64.ActiveCfg = Release|x64
		{75FF83F3-C123-4982-91F7-09D0F8A66536}.Debug|Any CPU.ActiveCfg = Debug|x64
		{75FF83F3-C123-4982-91F7-09D0F8A66536}.Debug|Any CPU.Build.0 = Debug|x64
		{75FF83F3-C123-4982-91F7-09D0F8A66536}.Debug|x64.ActiveCfg = Debug|x64
		{75FF83F3-C123-4982-91F7-09D0F8A66536}.Debug|x64.Build.0 = Debug|x64
		{75FF83F3-C123-4982-91F7-09D0F8A66536}.Release|Any CPU.ActiveCfg = Release|x64
		{75FF83F3-C123-4982-91F7-09D0F8A66536}.Release|Any CPU.Build.0 = Release|x64
		{75FF83F3-C123-4982-91F7-09D0F8A66536}.Release|x64.ActiveCfg = Release|x64
		{75FF83F3-C123-4982-91F7-09D0F8A66536}.Release|x64.Build.0 = Release|x64
		{75FF83F3-C123-4982-91F7-09D0F8A66536}.Unity|Any CPU.ActiveCfg = Release|x64
		{75FF83F3-C123-4982-91F7-09D0F8A66536}.Unity|x64.ActiveCfg = Release|x64
		{322F5DB2-87ED-41EC-9A8B-AA14E1F9ACD3}.Debug|Any CPU.ActiveCfg = Debug|x64
		{322F5DB2-87ED-41EC-9A8B-AA14E1F9ACD3}.Debug|Any CPU.Build.0 = Debug|x64
		{322F5DB2-87ED-41EC-9A8B-AA14E1F9ACD3}.Debug|x64.ActiveCfg = Debug|x64
		{322F5DB2-87ED-41EC-9A8B-AA14E1F9ACD3}.Debug|x64.Build.0 = Debug|x64
		{322F5DB2-87ED-41EC-9A8B-AA14E1F9ACD3}.Release|Any CPU.ActiveCfg = Release|x64
		{322F5DB2-87ED-41EC-9A8B-AA14E1F9ACD3}.Release|Any CPU.Build.0 = Release|x64
		{322F5DB2-87ED-41EC-9A8B-AA14E1F9ACD3}.Release|x64.ActiveCfg = Release|x64
		{322F5DB2-87ED-41EC-9A8B-AA14E1F9ACD3}.Release|x64.Build.0 = Release|x64
		{322F5DB2-87ED-41EC-9A8B-AA14E1F9ACD3}.Unity|Any CPU.ActiveCfg = Release|x64
		{322F5DB2-87ED-41EC-9A8B-AA14E1F9ACD3}.Unity|x64.ActiveCfg = Release|x64
		{AAB4906E-DE39-4678-A155-14579CC7F4EC}.Debug|Any CPU.ActiveCfg = Debug|x64
		{AAB4906E-DE39-4678-A155-14579CC7F4EC}.Debug|Any CPU.Build.0 = Debug|x64
		{AAB4906E-DE39-4678-A155-14579CC7F4EC}.Debug|x64.ActiveCfg = Debug|x64
		{AAB4906E-DE39-4678-A155-14579CC7F4EC}.Debug|x64.Build.0 = Debug|x64
		{AAB4906E-DE39-4678-A155-14579CC7F4EC}.Release|Any CPU.ActiveCfg = Release|x64
		{AAB4906E-DE39-4678-A155-14579CC7F4EC}.Release|Any CPU.Build.0 = Release|x64
		{AAB4906E-DE39-4678-A155-14579CC7F4EC}.Release|x64.ActiveCfg = Release|x64
		{AAB4906E-DE39-4678-A155-14579CC7F4EC}.Release|x64.Build.0 = Release|x64
		{AAB4906E-DE39-4678-A155-14579CC7F4EC}.Unity|Any CPU.ActiveCfg = Release|x64
		{AAB4906E-DE39-4678-A155-14579CC7F4EC}.Unity|x64.ActiveCfg = Release|x64
		{9CB52544-9944-4AFD-8335-8397062CBF2F}.Debug|Any CPU.ActiveCfg = Release|Any CPU
		{9CB52544-9944-4AFD-8335-8397062CBF2F}.Debug|Any CPU.Build.0 = Release|Any CPU
		{9CB52544-9944-4AFD-8335-8397062CBF2F}.Debug|x64.ActiveCfg = Release|Any CPU
		{9CB52544-9944-4AFD-8335-8397062CBF2F}.Release|Any CPU.ActiveCfg = Release|Any CPU
		{9CB52544-9944-4AFD-8335-8397062CBF2F}.Release|x64.ActiveCfg = Release|Any CPU
		{9CB52544-9944-4AFD-8335-8397062CBF2F}.Unity|Any CPU.ActiveCfg = Release|Any CPU
		{9CB52544-9944-4AFD-8335-8397062CBF2F}.Unity|x64.ActiveCfg = Release|Any CPU
		{4DB8D196-1F50-493F-9FFB-40E1E503EE87}.Debug|Any CPU.ActiveCfg = Debug|x64
		{4DB8D196-1F50-493F-9FFB-40E1E503EE87}.Debug|Any CPU.Build.0 = Debug|x64
		{4DB8D196-1F50-493F-9FFB-40E1E503EE87}.Debug|x64.ActiveCfg = Debug|x64
		{4DB8D196-1F50-493F-9FFB-40E1E503EE87}.Debug|x64.Build.0 = Debug|x64
		{4DB8D196-1F50-493F-9FFB-40E1E503EE87}.Release|Any CPU.ActiveCfg = Release|x64
		{4DB8D196-1F50-493F-9FFB-40E1E503EE87}.Release|Any CPU.Build.0 = Release|x64
		{4DB8D196-1F50-493F-9FFB-40E1E503EE87}.Release|x64.ActiveCfg = Release|x64
		{4DB8D196-1F50-493F-9FFB-40E1E503EE87}.Release|x64.Build.0 = Release|x64
		{4DB8D196-1F50-493F-9FFB-40E1E503EE87}.Unity|Any CPU.ActiveCfg = Release|x64
		{4DB8D196-1F50-493F-9FFB-40E1E503EE87}.Unity|x64.ActiveCfg = Release|x64
		{5D3507BD-D8DD-4255-A262-8E360E936F10}.Debug|Any CPU.ActiveCfg = Debug|x64
		{5D3507BD-D8DD-4255-A262-8E360E936F10}.Debug|Any CPU.Build.0 = Debug|x64
		{5D3507BD-D8DD-4255-A262-8E360E936F10}.Debug|x64.ActiveCfg = Debug|x64
		{5D3507BD-D8DD-4255-A262-8E360E936F10}.Debug|x64.Build.0 = Debug|x64
		{5D3507BD-D8DD-4255-A262-8E360E936F10}.Release|Any CPU.ActiveCfg = Release|x64
		{5D3507BD-D8DD-4255-A262-8E360E936F10}.Release|Any CPU.Build.0 = Release|x64
		{5D3507BD-D8DD-4255-A262-8E360E936F10}.Release|x64.ActiveCfg = Release|x64
		{5D3507BD-D8DD-4255-A262-8E360E936F10}.Release|x64.Build.0 = Release|x64
		{5D3507BD-D8DD-4255-A262-8E360E936F10}.Unity|Any CPU.ActiveCfg = Release|x64
		{5D3507BD-D8DD-4255-A262-8E360E936F10}.Unity|x64.ActiveCfg = Release|x64
		{106B07B6-DD10-480C-9D1B-31C42D4AF348}.Debug|Any CPU.ActiveCfg = Debug|x64
		{106B07B6-DD10-480C-9D1B-31C42D4AF348}.Debug|Any CPU.Build.0 = Debug|x64
		{106B07B6-DD10-480C-9D1B-31C42D4AF348}.Debug|x64.ActiveCfg = Debug|x64
		{106B07B6-DD10-480C-9D1B-31C42D4AF348}.Debug|x64.Build.0 = Debug|x64
		{106B07B6-DD10-480C-9D1B-31C42D4AF348}.Release|Any CPU.ActiveCfg = Release|x64
		{106B07B6-DD10-480C-9D1B-31C42D4AF348}.Release|Any CPU.Build.0 = Release|x64
		{106B07B6-DD10-480C-9D1B-31C42D4AF348}.Release|x64.ActiveCfg = Release|x64
		{106B07B6-DD10-480C-9D1B-31C42D4AF348}.Release|x64.Build.0 = Release|x64
		{106B07B6-DD10-480C-9D1B-31C42D4AF348}.Unity|Any CPU.ActiveCfg = Release|x64
		{106B07B6-DD10-480C-9D1B-31C42D4AF348}.Unity|x64.ActiveCfg = Release|x64
		{30BE5B25-2A9C-453E-80CE-75D347245537}.Debug|Any CPU.ActiveCfg = Debug|x64
		{30BE5B25-2A9C-453E-80CE-75D347245537}.Debug|Any CPU.Build.0 = Debug|x64
		{30BE5B25-2A9C-453E-80CE-75D347245537}.Debug|x64.ActiveCfg = Debug|x64
		{30BE5B25-2A9C-453E-80CE-75D347245537}.Debug|x64.Build.0 = Debug|x64
		{30BE5B25-2A9C-453E-80CE-75D347245537}.Release|Any CPU.ActiveCfg = Release|x64
		{30BE5B25-2A9C-453E-80CE-75D347245537}.Release|Any CPU.Build.0 = Release|x64
		{30BE5B25-2A9C-453E-80CE-75D347245537}.Release|x64.ActiveCfg = Release|x64
		{30BE5B25-2A9C-453E-80CE-75D347245537}.Release|x64.Build.0 = Release|x64
		{30BE5B25-2A9C-453E-80CE-75D347245537}.Unity|Any CPU.ActiveCfg = Release|x64
		{30BE5B25-2A9C-453E-80CE-75D347245537}.Unity|x64.ActiveCfg = Release|x64
		{B823CDCE-5ED4-4030-AB35-44DAF233D4C0}.Debug|Any CPU.ActiveCfg = Debug|x64
		{B823CDCE-5ED4-4030-AB35-44DAF233D4C0}.Debug|Any CPU.Build.0 = Debug|x64
		{B823CDCE-5ED4-4030-AB35-44DAF233D4C0}.Debug|x64.ActiveCfg = Debug|x64
		{B823CDCE-5ED4-4030-AB35-44DAF233D4C0}.Debug|x64.Build.0 = Debug|x64
		{B823CDCE-5ED4-4030-AB35-44DAF233D4C0}.Release|Any CPU.ActiveCfg = Unity|x64
		{B823CDCE-5ED4-4030-AB35-44DAF233D4C0}.Release|Any CPU.Build.0 = Unity|x64
		{B823CDCE-5ED4-4030-AB35-44DAF233D4C0}.Release|x64.ActiveCfg = Unity|x64
		{B823CDCE-5ED4-4030-AB35-44DAF233D4C0}.Release|x64.Build.0 = Unity|x64
		{B823CDCE-5ED4-4030-AB35-44DAF233D4C0}.Unity|Any CPU.ActiveCfg = Unity|Any CPU
		{B823CDCE-5ED4-4030-AB35-44DAF233D4C0}.Unity|Any CPU.Build.0 = Unity|Any CPU
		{B823CDCE-5ED4-4030-AB35-44DAF233D4C0}.Unity|x64.ActiveCfg = Unity|Any CPU
		{B823CDCE-5ED4-4030-AB35-44DAF233D4C0}.Unity|x64.Build.0 = Unity|Any CPU
		{0EC48D10-8E81-4B43-A7EE-F4BD83516CEA}.Debug|Any CPU.ActiveCfg = Unity|x64
		{0EC48D10-8E81-4B43-A7EE-F4BD83516CEA}.Debug|x64.ActiveCfg = Unity|x64
		{0EC48D10-8E81-4B43-A7EE-F4BD83516CEA}.Release|Any CPU.ActiveCfg = Unity|x64
		{0EC48D10-8E81-4B43-A7EE-F4BD83516CEA}.Release|Any CPU.Build.0 = Unity|x64
		{0EC48D10-8E81-4B43-A7EE-F4BD83516CEA}.Release|x64.ActiveCfg = Unity|x64
		{0EC48D10-8E81-4B43-A7EE-F4BD83516CEA}.Release|x64.Build.0 = Unity|x64
		{0EC48D10-8E81-4B43-A7EE-F4BD83516CEA}.Unity|Any CPU.ActiveCfg = Unity|Any CPU
		{0EC48D10-8E81-4B43-A7EE-F4BD83516CEA}.Unity|Any CPU.Build.0 = Unity|Any CPU
		{0EC48D10-8E81-4B43-A7EE-F4BD83516CEA}.Unity|x64.ActiveCfg = Unity|Any CPU
		{0EC48D10-8E81-4B43-A7EE-F4BD83516CEA}.Unity|x64.Build.0 = Unity|Any CPU
		{DB147104-0C6F-4723-A86F-005AC742D4E6}.Debug|Any CPU.ActiveCfg = Unity|x64
		{DB147104-0C6F-4723-A86F-005AC742D4E6}.Debug|x64.ActiveCfg = Unity|x64
		{DB147104-0C6F-4723-A86F-005AC742D4E6}.Release|Any CPU.ActiveCfg = Unity|x64
		{DB147104-0C6F-4723-A86F-005AC742D4E6}.Release|Any CPU.Build.0 = Unity|x64
		{DB147104-0C6F-4723-A86F-005AC742D4E6}.Release|x64.ActiveCfg = Unity|x64
		{DB147104-0C6F-4723-A86F-005AC742D4E6}.Release|x64.Build.0 = Unity|x64
		{DB147104-0C6F-4723-A86F-005AC742D4E6}.Unity|Any CPU.ActiveCfg = Unity|Any CPU
		{DB147104-0C6F-4723-A86F-005AC742D4E6}.Unity|Any CPU.Build.0 = Unity|Any CPU
		{DB147104-0C6F-4723-A86F-005AC742D4E6}.Unity|x64.ActiveCfg = Unity|Any CPU
		{DB147104-0C6F-4723-A86F-005AC742D4E6}.Unity|x64.Build.0 = Unity|Any CPU
		{890FF110-443F-4647-80B1-82D414CCCD88}.Debug|Any CPU.ActiveCfg = Debug|x64
		{890FF110-443F-4647-80B1-82D414CCCD88}.Debug|Any CPU.Build.0 = Debug|x64
		{890FF110-443F-4647-80B1-82D414CCCD88}.Debug|x64.ActiveCfg = Debug|x64
		{890FF110-443F-4647-80B1-82D414CCCD88}.Debug|x64.Build.0 = Debug|x64
		{890FF110-443F-4647-80B1-82D414CCCD88}.Release|Any CPU.ActiveCfg = Release|x64
		{890FF110-443F-4647-80B1-82D414CCCD88}.Release|x64.ActiveCfg = Release|x64
		{890FF110-443F-4647-80B1-82D414CCCD88}.Release|x64.Build.0 = Release|x64
		{890FF110-443F-4647-80B1-82D414CCCD88}.Unity|Any CPU.ActiveCfg = Unity|Any CPU
		{890FF110-443F-4647-80B1-82D414CCCD88}.Unity|Any CPU.Build.0 = Unity|Any CPU
		{890FF110-443F-4647-80B1-82D414CCCD88}.Unity|x64.ActiveCfg = Unity|Any CPU
		{890FF110-443F-4647-80B1-82D414CCCD88}.Unity|x64.Build.0 = Unity|Any CPU
		{FBEBE858-E55B-4823-8374-70E8E584F333}.Debug|Any CPU.ActiveCfg = Debug|Any CPU
		{FBEBE858-E55B-4823-8374-70E8E584F333}.Debug|Any CPU.Build.0 = Debug|Any CPU
		{FBEBE858-E55B-4823-8374-70E8E584F333}.Debug|x64.ActiveCfg = Debug|x64
		{FBEBE858-E55B-4823-8374-70E8E584F333}.Debug|x64.Build.0 = Debug|x64
		{FBEBE858-E55B-4823-8374-70E8E584F333}.Release|Any CPU.ActiveCfg = Release|Any CPU
		{FBEBE858-E55B-4823-8374-70E8E584F333}.Release|Any CPU.Build.0 = Release|Any CPU
		{FBEBE858-E55B-4823-8374-70E8E584F333}.Release|x64.ActiveCfg = Release|x64
		{FBEBE858-E55B-4823-8374-70E8E584F333}.Release|x64.Build.0 = Release|x64
		{FBEBE858-E55B-4823-8374-70E8E584F333}.Unity|Any CPU.ActiveCfg = Unity|Any CPU
		{FBEBE858-E55B-4823-8374-70E8E584F333}.Unity|Any CPU.Build.0 = Unity|Any CPU
		{FBEBE858-E55B-4823-8374-70E8E584F333}.Unity|x64.ActiveCfg = Unity|x64
		{FBEBE858-E55B-4823-8374-70E8E584F333}.Unity|x64.Build.0 = Unity|x64
	EndGlobalSection
	GlobalSection(SolutionProperties) = preSolution
		HideSolutionNode = FALSE
	EndGlobalSection
	GlobalSection(NestedProjects) = preSolution
		{106B07B6-DD10-480C-9D1B-31C42D4AF348} = {7038249C-12AD-4560-BC2A-01FAD5D9B7BD}
		{30BE5B25-2A9C-453E-80CE-75D347245537} = {7038249C-12AD-4560-BC2A-01FAD5D9B7BD}
	EndGlobalSection
EndGlobal
