
Microsoft Visual Studio Solution File, Format Version 12.00
# Visual Studio 14
VisualStudioVersion = 14.0.23107.0
MinimumVisualStudioVersion = 10.0.40219.1
Project("{FAE04EC0-301F-11D3-BF4B-00C04F79EFBC}") = "CarbonCore.GrammarParser", "GrammarParser\CarbonCore.GrammarParser.csproj", "{50C22F18-89F6-48F3-A29F-CA25FDADDB90}"
EndProject
Project("{FAE04EC0-301F-11D3-BF4B-00C04F79EFBC}") = "CarbonCore.ToolFramework", "ToolFramework\CarbonCore.ToolFramework.csproj", "{E4643DF2-D2DB-4E99-AB4B-D8CE4FD94D81}"
EndProject
Project("{FAE04EC0-301F-11D3-BF4B-00C04F79EFBC}") = "CarbonCore.Utils", "Utils\CarbonCore.Utils.csproj", "{E05836D9-0BB3-4BFA-89E6-F5ED40A9D93C}"
EndProject
Project("{FAE04EC0-301F-11D3-BF4B-00C04F79EFBC}") = "CarbonCore.Tests", "Tests\CarbonCore.Tests.csproj", "{322F5DB2-87ED-41EC-9A8B-AA14E1F9ACD3}"
EndProject
Project("{FAE04EC0-301F-11D3-BF4B-00C04F79EFBC}") = "CarbonCore.Resources", "Resources\CarbonCore.Resources.csproj", "{AAB4906E-DE39-4678-A155-14579CC7F4EC}"
EndProject
Project("{FAE04EC0-301F-11D3-BF4B-00C04F79EFBC}") = "CarbonCore.CodeGeneration", "CodeGeneration\CarbonCore.CodeGeneration.csproj", "{9CB52544-9944-4AFD-8335-8397062CBF2F}"
EndProject
Project("{FAE04EC0-301F-11D3-BF4B-00C04F79EFBC}") = "CarbonCore.Processing", "Processing\CarbonCore.Processing.csproj", "{4DB8D196-1F50-493F-9FFB-40E1E503EE87}"
EndProject
Project("{FAE04EC0-301F-11D3-BF4B-00C04F79EFBC}") = "CarbonCore.ContentServices", "ContentServices\CarbonCore.ContentServices.csproj", "{5D3507BD-D8DD-4255-A262-8E360E936F10}"
EndProject
Project("{FAE04EC0-301F-11D3-BF4B-00C04F79EFBC}") = "CarbonCore.Applications.CrystalBuild", "Applications\CrystalBuild\CarbonCore.Applications.CrystalBuild.csproj", "{106B07B6-DD10-480C-9D1B-31C42D4AF348}"
EndProject
Project("{FAE04EC0-301F-11D3-BF4B-00C04F79EFBC}") = "CarbonCore.Applications.MCSync", "Applications\MCSync\CarbonCore.Applications.MCSync.csproj", "{30BE5B25-2A9C-453E-80CE-75D347245537}"
EndProject
Project("{2150E333-8FDC-42A3-9474-1A3956D46DE8}") = "Applications", "Applications", "{7038249C-12AD-4560-BC2A-01FAD5D9B7BD}"
EndProject
Project("{FAE04EC0-301F-11D3-BF4B-00C04F79EFBC}") = "CarbonCore.Applications.D3Theory.Console", "Applications\D3Theory\Console\CarbonCore.Applications.D3Theory.Console.csproj", "{592CF598-0C12-4D6D-B2AE-3C0E671A1CD5}"
EndProject
Project("{FAE04EC0-301F-11D3-BF4B-00C04F79EFBC}") = "CarbonCore.Applications.D3Theory.Viewer", "Applications\D3Theory\Viewer\CarbonCore.Applications.D3Theory.Viewer.csproj", "{DAE8FDED-C715-4DEC-B540-AE5B92CE698B}"
EndProject
Project("{2150E333-8FDC-42A3-9474-1A3956D46DE8}") = "D3Theory", "D3Theory", "{3BBFFFD2-B912-4B4E-AC21-29404C9E5B34}"
EndProject
Project("{FAE04EC0-301F-11D3-BF4B-00C04F79EFBC}") = "CarbonCore.Modules.D3Theory", "Applications\D3Theory\CarbonCore.Modules.D3Theory.csproj", "{C630F5C6-75E4-40C1-9343-44B7EB05B67C}"
EndProject
Project("{FAE04EC0-301F-11D3-BF4B-00C04F79EFBC}") = "CarbonCore.Applications.CFS.UI", "Applications\CFS\CarbonCore.Applications.CFS.UI.csproj", "{2FF7D9C8-1A44-4EFD-B982-90F44A0A338B}"
EndProject
Project("{2150E333-8FDC-42A3-9474-1A3956D46DE8}") = "CFS", "CFS", "{110016C0-C80E-4620-8F32-7651BC3BF895}"
EndProject
Project("{FAE04EC0-301F-11D3-BF4B-00C04F79EFBC}") = "CarbonCore.Applications.CFS.Console", "Applications\CFS\Console\CarbonCore.Applications.CFS.Console.csproj", "{03B59FF1-4640-47FA-8DF1-2A6A793F2098}"
EndProject
Project("{FAE04EC0-301F-11D3-BF4B-00C04F79EFBC}") = "CarbonCore.CFS", "CFS\CarbonCore.CFS.csproj", "{06D0CA41-40B7-4C49-A230-5DD1540D9767}"
EndProject
Project("{FAE04EC0-301F-11D3-BF4B-00C04F79EFBC}") = "CarbonCore.Utils.Edge", "Utils\Edge\CarbonCore.Utils.Edge.csproj", "{A46B19FC-EB4A-4BDA-97E1-5B522FB4CC6B}"
EndProject
Project("{FAE04EC0-301F-11D3-BF4B-00C04F79EFBC}") = "CarbonCore.Utils.Edge.CommandLine", "Utils\Edge\CommandLine\CarbonCore.Utils.Edge.CommandLine.csproj", "{E99C6721-99A5-4DC3-BD9D-DC88F65D217A}"
EndProject
Project("{2150E333-8FDC-42A3-9474-1A3956D46DE8}") = "Utils", "Utils", "{840BD203-1747-4DDF-B23F-666DC252952C}"
EndProject
Project("{FAE04EC0-301F-11D3-BF4B-00C04F79EFBC}") = "CarbonCore.Utils.Edge.WPF", "Utils\Edge\WPF\CarbonCore.Utils.Edge.WPF.csproj", "{75FF83F3-C123-4982-91F7-09D0F8A66536}"
EndProject
Project("{FAE04EC0-301F-11D3-BF4B-00C04F79EFBC}") = "CarbonCore.Utils.Edge.DirectX", "Utils\Edge\DirectX\CarbonCore.Utils.Edge.DirectX.csproj", "{C3E6C35A-FE50-481B-9B6A-559DFDFFB52E}"
EndProject
Project("{FAE04EC0-301F-11D3-BF4B-00C04F79EFBC}") = "CarbonCore.ContentServices.Edge", "ContentServices\Edge\CarbonCore.ContentServices.Edge.csproj", "{6E591D1D-592E-4872-8CA1-504A43DE009B}"
EndProject
Project("{2150E333-8FDC-42A3-9474-1A3956D46DE8}") = "Unity", "Unity", "{E0811CBC-A7AB-46B2-AD9D-E32088F4B35E}"
EndProject
Project("{FAE04EC0-301F-11D3-BF4B-00C04F79EFBC}") = "CarbonCore.Unity.Utils", "Unity\Utils\CarbonCore.Unity.Utils.csproj", "{0EC48D10-8E81-4B43-A7EE-F4BD83516CEA}"
EndProject
Project("{FAE04EC0-301F-11D3-BF4B-00C04F79EFBC}") = "CarbonCore.Unity.Tests", "Unity\Tests\CarbonCore.Unity.Tests.csproj", "{79AB4C92-A569-412D-93B3-165553D93CCC}"
EndProject
Project("{FAE04EC0-301F-11D3-BF4B-00C04F79EFBC}") = "CarbonCore.Unity.Editor.Utils", "Unity\Editor\Utils\CarbonCore.Unity.Editor.Utils.csproj", "{DB147104-0C6F-4723-A86F-005AC742D4E6}"
EndProject
Project("{2150E333-8FDC-42A3-9474-1A3956D46DE8}") = "Editor", "Editor", "{52736DE4-F85F-45C9-811A-889EBA4C498A}"
EndProject
Global
	GlobalSection(SolutionConfigurationPlatforms) = preSolution
		Debug|Any CPU = Debug|Any CPU
		Release|Any CPU = Release|Any CPU
		Unity|Any CPU = Unity|Any CPU
		UnityRelease|Any CPU = UnityRelease|Any CPU
	EndGlobalSection
	GlobalSection(ProjectConfigurationPlatforms) = postSolution
		{50C22F18-89F6-48F3-A29F-CA25FDADDB90}.Debug|Any CPU.ActiveCfg = Debug|Any CPU
		{50C22F18-89F6-48F3-A29F-CA25FDADDB90}.Debug|Any CPU.Build.0 = Debug|Any CPU
		{50C22F18-89F6-48F3-A29F-CA25FDADDB90}.Release|Any CPU.ActiveCfg = Release|Any CPU
		{50C22F18-89F6-48F3-A29F-CA25FDADDB90}.Release|Any CPU.Build.0 = Release|Any CPU
		{50C22F18-89F6-48F3-A29F-CA25FDADDB90}.Unity|Any CPU.ActiveCfg = Release|Any CPU
		{50C22F18-89F6-48F3-A29F-CA25FDADDB90}.UnityRelease|Any CPU.ActiveCfg = Release|Any CPU
		{E4643DF2-D2DB-4E99-AB4B-D8CE4FD94D81}.Debug|Any CPU.ActiveCfg = Debug|Any CPU
		{E4643DF2-D2DB-4E99-AB4B-D8CE4FD94D81}.Debug|Any CPU.Build.0 = Debug|Any CPU
		{E4643DF2-D2DB-4E99-AB4B-D8CE4FD94D81}.Release|Any CPU.ActiveCfg = Release|Any CPU
		{E4643DF2-D2DB-4E99-AB4B-D8CE4FD94D81}.Release|Any CPU.Build.0 = Release|Any CPU
		{E4643DF2-D2DB-4E99-AB4B-D8CE4FD94D81}.Unity|Any CPU.ActiveCfg = Release|Any CPU
		{E4643DF2-D2DB-4E99-AB4B-D8CE4FD94D81}.UnityRelease|Any CPU.ActiveCfg = Release|Any CPU
		{E05836D9-0BB3-4BFA-89E6-F5ED40A9D93C}.Debug|Any CPU.ActiveCfg = Debug|Any CPU
		{E05836D9-0BB3-4BFA-89E6-F5ED40A9D93C}.Debug|Any CPU.Build.0 = Debug|Any CPU
		{E05836D9-0BB3-4BFA-89E6-F5ED40A9D93C}.Release|Any CPU.ActiveCfg = Release|Any CPU
		{E05836D9-0BB3-4BFA-89E6-F5ED40A9D93C}.Release|Any CPU.Build.0 = Release|Any CPU
		{E05836D9-0BB3-4BFA-89E6-F5ED40A9D93C}.Unity|Any CPU.ActiveCfg = Unity|Any CPU
		{E05836D9-0BB3-4BFA-89E6-F5ED40A9D93C}.Unity|Any CPU.Build.0 = Unity|Any CPU
		{E05836D9-0BB3-4BFA-89E6-F5ED40A9D93C}.UnityRelease|Any CPU.ActiveCfg = UnityRelease|Any CPU
		{E05836D9-0BB3-4BFA-89E6-F5ED40A9D93C}.UnityRelease|Any CPU.Build.0 = UnityRelease|Any CPU
		{322F5DB2-87ED-41EC-9A8B-AA14E1F9ACD3}.Debug|Any CPU.ActiveCfg = Debug|Any CPU
		{322F5DB2-87ED-41EC-9A8B-AA14E1F9ACD3}.Debug|Any CPU.Build.0 = Debug|Any CPU
		{322F5DB2-87ED-41EC-9A8B-AA14E1F9ACD3}.Release|Any CPU.ActiveCfg = Release|Any CPU
		{322F5DB2-87ED-41EC-9A8B-AA14E1F9ACD3}.Release|Any CPU.Build.0 = Release|Any CPU
		{322F5DB2-87ED-41EC-9A8B-AA14E1F9ACD3}.Unity|Any CPU.ActiveCfg = Unity|Any CPU
		{322F5DB2-87ED-41EC-9A8B-AA14E1F9ACD3}.Unity|Any CPU.Build.0 = Unity|Any CPU
		{322F5DB2-87ED-41EC-9A8B-AA14E1F9ACD3}.UnityRelease|Any CPU.ActiveCfg = Release|Any CPU
		{AAB4906E-DE39-4678-A155-14579CC7F4EC}.Debug|Any CPU.ActiveCfg = Debug|Any CPU
		{AAB4906E-DE39-4678-A155-14579CC7F4EC}.Debug|Any CPU.Build.0 = Debug|Any CPU
		{AAB4906E-DE39-4678-A155-14579CC7F4EC}.Release|Any CPU.ActiveCfg = Release|Any CPU
		{AAB4906E-DE39-4678-A155-14579CC7F4EC}.Release|Any CPU.Build.0 = Release|Any CPU
		{AAB4906E-DE39-4678-A155-14579CC7F4EC}.Unity|Any CPU.ActiveCfg = Release|Any CPU
		{AAB4906E-DE39-4678-A155-14579CC7F4EC}.UnityRelease|Any CPU.ActiveCfg = Release|Any CPU
		{9CB52544-9944-4AFD-8335-8397062CBF2F}.Debug|Any CPU.ActiveCfg = Release|Any CPU
		{9CB52544-9944-4AFD-8335-8397062CBF2F}.Debug|Any CPU.Build.0 = Release|Any CPU
		{9CB52544-9944-4AFD-8335-8397062CBF2F}.Release|Any CPU.ActiveCfg = Release|Any CPU
		{9CB52544-9944-4AFD-8335-8397062CBF2F}.Release|Any CPU.Build.0 = Release|Any CPU
		{9CB52544-9944-4AFD-8335-8397062CBF2F}.Unity|Any CPU.ActiveCfg = Release|Any CPU
		{9CB52544-9944-4AFD-8335-8397062CBF2F}.UnityRelease|Any CPU.ActiveCfg = Release|Any CPU
		{4DB8D196-1F50-493F-9FFB-40E1E503EE87}.Debug|Any CPU.ActiveCfg = Debug|Any CPU
		{4DB8D196-1F50-493F-9FFB-40E1E503EE87}.Debug|Any CPU.Build.0 = Debug|Any CPU
		{4DB8D196-1F50-493F-9FFB-40E1E503EE87}.Release|Any CPU.ActiveCfg = Release|Any CPU
		{4DB8D196-1F50-493F-9FFB-40E1E503EE87}.Release|Any CPU.Build.0 = Release|Any CPU
		{4DB8D196-1F50-493F-9FFB-40E1E503EE87}.Unity|Any CPU.ActiveCfg = Release|Any CPU
		{4DB8D196-1F50-493F-9FFB-40E1E503EE87}.UnityRelease|Any CPU.ActiveCfg = Release|Any CPU
		{5D3507BD-D8DD-4255-A262-8E360E936F10}.Debug|Any CPU.ActiveCfg = Debug|Any CPU
		{5D3507BD-D8DD-4255-A262-8E360E936F10}.Debug|Any CPU.Build.0 = Debug|Any CPU
		{5D3507BD-D8DD-4255-A262-8E360E936F10}.Release|Any CPU.ActiveCfg = Release|Any CPU
		{5D3507BD-D8DD-4255-A262-8E360E936F10}.Release|Any CPU.Build.0 = Release|Any CPU
		{5D3507BD-D8DD-4255-A262-8E360E936F10}.Unity|Any CPU.ActiveCfg = Unity|Any CPU
		{5D3507BD-D8DD-4255-A262-8E360E936F10}.Unity|Any CPU.Build.0 = Unity|Any CPU
		{5D3507BD-D8DD-4255-A262-8E360E936F10}.UnityRelease|Any CPU.ActiveCfg = UnityRelease|Any CPU
		{5D3507BD-D8DD-4255-A262-8E360E936F10}.UnityRelease|Any CPU.Build.0 = UnityRelease|Any CPU
		{106B07B6-DD10-480C-9D1B-31C42D4AF348}.Debug|Any CPU.ActiveCfg = Debug|Any CPU
		{106B07B6-DD10-480C-9D1B-31C42D4AF348}.Debug|Any CPU.Build.0 = Debug|Any CPU
		{106B07B6-DD10-480C-9D1B-31C42D4AF348}.Release|Any CPU.ActiveCfg = Release|Any CPU
		{106B07B6-DD10-480C-9D1B-31C42D4AF348}.Release|Any CPU.Build.0 = Release|Any CPU
		{106B07B6-DD10-480C-9D1B-31C42D4AF348}.Unity|Any CPU.ActiveCfg = Release|Any CPU
		{106B07B6-DD10-480C-9D1B-31C42D4AF348}.UnityRelease|Any CPU.ActiveCfg = Release|Any CPU
		{30BE5B25-2A9C-453E-80CE-75D347245537}.Debug|Any CPU.ActiveCfg = Debug|Any CPU
		{30BE5B25-2A9C-453E-80CE-75D347245537}.Debug|Any CPU.Build.0 = Debug|Any CPU
		{30BE5B25-2A9C-453E-80CE-75D347245537}.Release|Any CPU.ActiveCfg = Release|Any CPU
		{30BE5B25-2A9C-453E-80CE-75D347245537}.Release|Any CPU.Build.0 = Release|Any CPU
		{30BE5B25-2A9C-453E-80CE-75D347245537}.Unity|Any CPU.ActiveCfg = Release|Any CPU
		{30BE5B25-2A9C-453E-80CE-75D347245537}.UnityRelease|Any CPU.ActiveCfg = Release|Any CPU
		{592CF598-0C12-4D6D-B2AE-3C0E671A1CD5}.Debug|Any CPU.ActiveCfg = Debug|Any CPU
		{592CF598-0C12-4D6D-B2AE-3C0E671A1CD5}.Debug|Any CPU.Build.0 = Debug|Any CPU
		{592CF598-0C12-4D6D-B2AE-3C0E671A1CD5}.Release|Any CPU.ActiveCfg = Release|Any CPU
		{592CF598-0C12-4D6D-B2AE-3C0E671A1CD5}.Release|Any CPU.Build.0 = Release|Any CPU
		{592CF598-0C12-4D6D-B2AE-3C0E671A1CD5}.Unity|Any CPU.ActiveCfg = Release|Any CPU
		{592CF598-0C12-4D6D-B2AE-3C0E671A1CD5}.UnityRelease|Any CPU.ActiveCfg = Release|Any CPU
		{DAE8FDED-C715-4DEC-B540-AE5B92CE698B}.Debug|Any CPU.ActiveCfg = Debug|Any CPU
		{DAE8FDED-C715-4DEC-B540-AE5B92CE698B}.Debug|Any CPU.Build.0 = Debug|Any CPU
		{DAE8FDED-C715-4DEC-B540-AE5B92CE698B}.Release|Any CPU.ActiveCfg = Release|Any CPU
		{DAE8FDED-C715-4DEC-B540-AE5B92CE698B}.Release|Any CPU.Build.0 = Release|Any CPU
		{DAE8FDED-C715-4DEC-B540-AE5B92CE698B}.Unity|Any CPU.ActiveCfg = Release|Any CPU
		{DAE8FDED-C715-4DEC-B540-AE5B92CE698B}.UnityRelease|Any CPU.ActiveCfg = Release|Any CPU
		{C630F5C6-75E4-40C1-9343-44B7EB05B67C}.Debug|Any CPU.ActiveCfg = Debug|Any CPU
		{C630F5C6-75E4-40C1-9343-44B7EB05B67C}.Debug|Any CPU.Build.0 = Debug|Any CPU
		{C630F5C6-75E4-40C1-9343-44B7EB05B67C}.Release|Any CPU.ActiveCfg = Release|Any CPU
		{C630F5C6-75E4-40C1-9343-44B7EB05B67C}.Release|Any CPU.Build.0 = Release|Any CPU
		{C630F5C6-75E4-40C1-9343-44B7EB05B67C}.Unity|Any CPU.ActiveCfg = Release|Any CPU
		{C630F5C6-75E4-40C1-9343-44B7EB05B67C}.UnityRelease|Any CPU.ActiveCfg = Release|Any CPU
		{2FF7D9C8-1A44-4EFD-B982-90F44A0A338B}.Debug|Any CPU.ActiveCfg = Debug|Any CPU
		{2FF7D9C8-1A44-4EFD-B982-90F44A0A338B}.Debug|Any CPU.Build.0 = Debug|Any CPU
		{2FF7D9C8-1A44-4EFD-B982-90F44A0A338B}.Release|Any CPU.ActiveCfg = Release|Any CPU
		{2FF7D9C8-1A44-4EFD-B982-90F44A0A338B}.Release|Any CPU.Build.0 = Release|Any CPU
		{2FF7D9C8-1A44-4EFD-B982-90F44A0A338B}.Unity|Any CPU.ActiveCfg = Release|Any CPU
		{2FF7D9C8-1A44-4EFD-B982-90F44A0A338B}.UnityRelease|Any CPU.ActiveCfg = Release|Any CPU
		{03B59FF1-4640-47FA-8DF1-2A6A793F2098}.Debug|Any CPU.ActiveCfg = Debug|Any CPU
		{03B59FF1-4640-47FA-8DF1-2A6A793F2098}.Debug|Any CPU.Build.0 = Debug|Any CPU
		{03B59FF1-4640-47FA-8DF1-2A6A793F2098}.Release|Any CPU.ActiveCfg = Release|Any CPU
		{03B59FF1-4640-47FA-8DF1-2A6A793F2098}.Release|Any CPU.Build.0 = Release|Any CPU
		{03B59FF1-4640-47FA-8DF1-2A6A793F2098}.Unity|Any CPU.ActiveCfg = Release|Any CPU
		{03B59FF1-4640-47FA-8DF1-2A6A793F2098}.UnityRelease|Any CPU.ActiveCfg = Release|Any CPU
		{06D0CA41-40B7-4C49-A230-5DD1540D9767}.Debug|Any CPU.ActiveCfg = Debug|Any CPU
		{06D0CA41-40B7-4C49-A230-5DD1540D9767}.Debug|Any CPU.Build.0 = Debug|Any CPU
		{06D0CA41-40B7-4C49-A230-5DD1540D9767}.Release|Any CPU.ActiveCfg = Release|Any CPU
		{06D0CA41-40B7-4C49-A230-5DD1540D9767}.Release|Any CPU.Build.0 = Release|Any CPU
		{06D0CA41-40B7-4C49-A230-5DD1540D9767}.Unity|Any CPU.ActiveCfg = Release|Any CPU
		{06D0CA41-40B7-4C49-A230-5DD1540D9767}.UnityRelease|Any CPU.ActiveCfg = Release|Any CPU
		{A46B19FC-EB4A-4BDA-97E1-5B522FB4CC6B}.Debug|Any CPU.ActiveCfg = Debug|Any CPU
		{A46B19FC-EB4A-4BDA-97E1-5B522FB4CC6B}.Debug|Any CPU.Build.0 = Debug|Any CPU
		{A46B19FC-EB4A-4BDA-97E1-5B522FB4CC6B}.Release|Any CPU.ActiveCfg = Release|Any CPU
		{A46B19FC-EB4A-4BDA-97E1-5B522FB4CC6B}.Release|Any CPU.Build.0 = Release|Any CPU
		{A46B19FC-EB4A-4BDA-97E1-5B522FB4CC6B}.Unity|Any CPU.ActiveCfg = Release|Any CPU
		{A46B19FC-EB4A-4BDA-97E1-5B522FB4CC6B}.UnityRelease|Any CPU.ActiveCfg = Release|Any CPU
		{E99C6721-99A5-4DC3-BD9D-DC88F65D217A}.Debug|Any CPU.ActiveCfg = Debug|Any CPU
		{E99C6721-99A5-4DC3-BD9D-DC88F65D217A}.Debug|Any CPU.Build.0 = Debug|Any CPU
		{E99C6721-99A5-4DC3-BD9D-DC88F65D217A}.Release|Any CPU.ActiveCfg = Release|Any CPU
		{E99C6721-99A5-4DC3-BD9D-DC88F65D217A}.Release|Any CPU.Build.0 = Release|Any CPU
		{E99C6721-99A5-4DC3-BD9D-DC88F65D217A}.Unity|Any CPU.ActiveCfg = Release|Any CPU
		{E99C6721-99A5-4DC3-BD9D-DC88F65D217A}.UnityRelease|Any CPU.ActiveCfg = Release|Any CPU
		{75FF83F3-C123-4982-91F7-09D0F8A66536}.Debug|Any CPU.ActiveCfg = Debug|Any CPU
		{75FF83F3-C123-4982-91F7-09D0F8A66536}.Debug|Any CPU.Build.0 = Debug|Any CPU
		{75FF83F3-C123-4982-91F7-09D0F8A66536}.Release|Any CPU.ActiveCfg = Release|Any CPU
		{75FF83F3-C123-4982-91F7-09D0F8A66536}.Release|Any CPU.Build.0 = Release|Any CPU
		{75FF83F3-C123-4982-91F7-09D0F8A66536}.Unity|Any CPU.ActiveCfg = Release|Any CPU
		{75FF83F3-C123-4982-91F7-09D0F8A66536}.UnityRelease|Any CPU.ActiveCfg = Release|Any CPU
		{C3E6C35A-FE50-481B-9B6A-559DFDFFB52E}.Debug|Any CPU.ActiveCfg = Debug|Any CPU
		{C3E6C35A-FE50-481B-9B6A-559DFDFFB52E}.Debug|Any CPU.Build.0 = Debug|Any CPU
		{C3E6C35A-FE50-481B-9B6A-559DFDFFB52E}.Release|Any CPU.ActiveCfg = Release|Any CPU
		{C3E6C35A-FE50-481B-9B6A-559DFDFFB52E}.Release|Any CPU.Build.0 = Release|Any CPU
		{C3E6C35A-FE50-481B-9B6A-559DFDFFB52E}.Unity|Any CPU.ActiveCfg = Release|Any CPU
		{C3E6C35A-FE50-481B-9B6A-559DFDFFB52E}.UnityRelease|Any CPU.ActiveCfg = Release|Any CPU
		{6E591D1D-592E-4872-8CA1-504A43DE009B}.Debug|Any CPU.ActiveCfg = Debug|Any CPU
		{6E591D1D-592E-4872-8CA1-504A43DE009B}.Debug|Any CPU.Build.0 = Debug|Any CPU
		{6E591D1D-592E-4872-8CA1-504A43DE009B}.Release|Any CPU.ActiveCfg = Release|Any CPU
		{6E591D1D-592E-4872-8CA1-504A43DE009B}.Release|Any CPU.Build.0 = Release|Any CPU
		{6E591D1D-592E-4872-8CA1-504A43DE009B}.Unity|Any CPU.ActiveCfg = Release|Any CPU
		{6E591D1D-592E-4872-8CA1-504A43DE009B}.UnityRelease|Any CPU.ActiveCfg = Release|Any CPU
		{0EC48D10-8E81-4B43-A7EE-F4BD83516CEA}.Debug|Any CPU.ActiveCfg = Unity|Any CPU
		{0EC48D10-8E81-4B43-A7EE-F4BD83516CEA}.Release|Any CPU.ActiveCfg = UnityRelease|Any CPU
		{0EC48D10-8E81-4B43-A7EE-F4BD83516CEA}.Unity|Any CPU.ActiveCfg = Unity|Any CPU
		{0EC48D10-8E81-4B43-A7EE-F4BD83516CEA}.Unity|Any CPU.Build.0 = Unity|Any CPU
		{0EC48D10-8E81-4B43-A7EE-F4BD83516CEA}.UnityRelease|Any CPU.ActiveCfg = UnityRelease|Any CPU
		{0EC48D10-8E81-4B43-A7EE-F4BD83516CEA}.UnityRelease|Any CPU.Build.0 = UnityRelease|Any CPU
		{79AB4C92-A569-412D-93B3-165553D93CCC}.Debug|Any CPU.ActiveCfg = Unity|Any CPU
		{79AB4C92-A569-412D-93B3-165553D93CCC}.Release|Any CPU.ActiveCfg = UnityRelease|Any CPU
		{79AB4C92-A569-412D-93B3-165553D93CCC}.Unity|Any CPU.ActiveCfg = Unity|Any CPU
		{79AB4C92-A569-412D-93B3-165553D93CCC}.Unity|Any CPU.Build.0 = Unity|Any CPU
		{79AB4C92-A569-412D-93B3-165553D93CCC}.UnityRelease|Any CPU.ActiveCfg = UnityRelease|Any CPU
		{79AB4C92-A569-412D-93B3-165553D93CCC}.UnityRelease|Any CPU.Build.0 = UnityRelease|Any CPU
		{DB147104-0C6F-4723-A86F-005AC742D4E6}.Debug|Any CPU.ActiveCfg = Unity|Any CPU
		{DB147104-0C6F-4723-A86F-005AC742D4E6}.Release|Any CPU.ActiveCfg = Unity|Any CPU
		{DB147104-0C6F-4723-A86F-005AC742D4E6}.Unity|Any CPU.ActiveCfg = Unity|Any CPU
		{DB147104-0C6F-4723-A86F-005AC742D4E6}.Unity|Any CPU.Build.0 = Unity|Any CPU
		{DB147104-0C6F-4723-A86F-005AC742D4E6}.UnityRelease|Any CPU.ActiveCfg = UnityRelease|Any CPU
		{DB147104-0C6F-4723-A86F-005AC742D4E6}.UnityRelease|Any CPU.Build.0 = UnityRelease|Any CPU
	EndGlobalSection
	GlobalSection(SolutionProperties) = preSolution
		HideSolutionNode = FALSE
	EndGlobalSection
	GlobalSection(NestedProjects) = preSolution
		{E05836D9-0BB3-4BFA-89E6-F5ED40A9D93C} = {840BD203-1747-4DDF-B23F-666DC252952C}
		{106B07B6-DD10-480C-9D1B-31C42D4AF348} = {7038249C-12AD-4560-BC2A-01FAD5D9B7BD}
		{30BE5B25-2A9C-453E-80CE-75D347245537} = {7038249C-12AD-4560-BC2A-01FAD5D9B7BD}
		{592CF598-0C12-4D6D-B2AE-3C0E671A1CD5} = {3BBFFFD2-B912-4B4E-AC21-29404C9E5B34}
		{DAE8FDED-C715-4DEC-B540-AE5B92CE698B} = {3BBFFFD2-B912-4B4E-AC21-29404C9E5B34}
		{3BBFFFD2-B912-4B4E-AC21-29404C9E5B34} = {7038249C-12AD-4560-BC2A-01FAD5D9B7BD}
		{C630F5C6-75E4-40C1-9343-44B7EB05B67C} = {3BBFFFD2-B912-4B4E-AC21-29404C9E5B34}
		{2FF7D9C8-1A44-4EFD-B982-90F44A0A338B} = {110016C0-C80E-4620-8F32-7651BC3BF895}
		{110016C0-C80E-4620-8F32-7651BC3BF895} = {7038249C-12AD-4560-BC2A-01FAD5D9B7BD}
		{03B59FF1-4640-47FA-8DF1-2A6A793F2098} = {110016C0-C80E-4620-8F32-7651BC3BF895}
		{A46B19FC-EB4A-4BDA-97E1-5B522FB4CC6B} = {840BD203-1747-4DDF-B23F-666DC252952C}
		{E99C6721-99A5-4DC3-BD9D-DC88F65D217A} = {840BD203-1747-4DDF-B23F-666DC252952C}
		{75FF83F3-C123-4982-91F7-09D0F8A66536} = {840BD203-1747-4DDF-B23F-666DC252952C}
		{C3E6C35A-FE50-481B-9B6A-559DFDFFB52E} = {840BD203-1747-4DDF-B23F-666DC252952C}
		{0EC48D10-8E81-4B43-A7EE-F4BD83516CEA} = {E0811CBC-A7AB-46B2-AD9D-E32088F4B35E}
		{79AB4C92-A569-412D-93B3-165553D93CCC} = {E0811CBC-A7AB-46B2-AD9D-E32088F4B35E}
		{DB147104-0C6F-4723-A86F-005AC742D4E6} = {52736DE4-F85F-45C9-811A-889EBA4C498A}
		{52736DE4-F85F-45C9-811A-889EBA4C498A} = {E0811CBC-A7AB-46B2-AD9D-E32088F4B35E}
	EndGlobalSection
EndGlobal
