--#include <System>
--#include "$(PROJECT_ROOT)sys/settings_common.cbi"
--#include "$(PROJECT_ROOT)sys/settings_unity.cbi"
--#include "$(PROJECT_ROOT)sys/build_unity.cbi"
--#include "$(PROJECT_ROOT)sys/ext_json.cbi"

print "Configuring Build with CrystalBuild version $(CB_VER) ..."

AddSources("$(BUILD_DIR)", "*.cs", true)
SetOutputType("Library")
SetNamespace("CarbonCore.Unity.Utils")

AddProjectReference("$(PROJECT_ROOT)Source/ContentServices", "CarbonCore.ContentServices")
AddProjectReference("$(PROJECT_ROOT)Source/Utils", "CarbonCore.Utils")

return WriteProjectFile()
