--#include <System>
--#include "$(PROJECT_ROOT)sys/settings_common.cbi"
--#include "$(PROJECT_ROOT)sys/settings_default.cbi"
--#include "$(PROJECT_ROOT)sys/build_default.cbi"
--#include "$(PROJECT_ROOT)sys/ext_json.cbi"
--#include "$(PROJECT_ROOT)sys/ext_sharpdx.cbi"
--#include "$(PROJECT_ROOT)sys/ext_npoi.cbi"

print "Configuring Build with CrystalBuild version $(CB_VER) ..."

AddSources("$(BUILD_DIR)", "*.cs", true)

SetOutputType("Library")
SetNamespace("CarbonCore.Processing")

AddReference("System.Drawing")

AddProjectReference("$(PROJECT_ROOT)Source/Utils", "CarbonCore.Utils")
AddProjectReference("$(PROJECT_ROOT)Source/Utils/Edge", "CarbonCore.Utils.Edge")
AddProjectReference("$(PROJECT_ROOT)Source/Utils/Edge/DirectX", "CarbonCore.Utils.Edge.DirectX")

return WriteProjectFile()
