--#include <System>
--#include "$(PROJECT_ROOT)Sys/settings_common.cbi"
--#include "$(PROJECT_ROOT)Sys/settings_default.cbi"
--#include "$(PROJECT_ROOT)Sys/build_default.cbi"
--#include "$(PROJECT_ROOT)Sys/ext_xaml.cbi"
--#include "$(PROJECT_ROOT)Sys/ext_mahapps.metro.cbi"

print "Configuring Build with CrystalBuild version $(CB_VER) ..."

AddSources("$(BUILD_DIR)", "*.cs", true)

AddReference("System.Drawing")

SetOutputType("Library")
SetNamespace("CarbonCore.Utils.Edge.WPF")

AddProjectReference("$(PROJECT_ROOT)Source/Utils", "CarbonCore.Utils")
AddProjectReference("$(PROJECT_ROOT)Source/Utils/Edge", "CarbonCore.Utils.Edge")

return WriteProjectFile()
