
Microsoft Visual Studio Solution File, Format Version 12.00
# Visual Studio 14
VisualStudioVersion = 14.0.23107.0
MinimumVisualStudioVersion = 10.0.40219.1
Project("{2150E333-8FDC-42A3-9474-1A3956D46DE8}") = "CarbonCore", "CarbonCore", "{D5DEE349-708E-4056-BBB5-C75C721969B3}"
EndProject
Project("{FAE04EC0-301F-11D3-BF4B-00C04F79EFBC}") = "CarbonCore.Utils", "..\..\Utils\CarbonCore.Utils.csproj", "{E05836D9-0BB3-4BFA-89E6-F5ED40A9D93C}"
EndProject
Project("{FAE04EC0-301F-11D3-BF4B-00C04F79EFBC}") = "CarbonCore.ContentServices", "..\..\ContentServices\CarbonCore.ContentServices.csproj", "{5D3507BD-D8DD-4255-A262-8E360E936F10}"
EndProject
Project("{FAE04EC0-301F-11D3-BF4B-00C04F79EFBC}") = "CarbonCore.Unity.Utils", "..\Utils\CarbonCore.Unity.Utils.csproj", "{0EC48D10-8E81-4B43-A7EE-F4BD83516CEA}"
EndProject
Project("{FAE04EC0-301F-11D3-BF4B-00C04F79EFBC}") = "CarbonCore.Unity.Editor.Utils", "..\Editor\Utils\CarbonCore.Unity.Editor.Utils.csproj", "{DB147104-0C6F-4723-A86F-005AC742D4E6}"
EndProject
Project("{FAE04EC0-301F-11D3-BF4B-00C04F79EFBC}") = "CarbonCore.Unity.Profiling", "CarbonCore.Unity.Profiling.csproj", "{A862A5BD-6BE9-3CF4-0425-4D19E49B7496}"
EndProject
Global
	GlobalSection(SolutionConfigurationPlatforms) = preSolution
		Unity|Any CPU = Unity|Any CPU
		UnityRelease|Any CPU = UnityRelease|Any CPU
	EndGlobalSection
	GlobalSection(ProjectConfigurationPlatforms) = postSolution
		{E05836D9-0BB3-4BFA-89E6-F5ED40A9D93C}.Unity|Any CPU.ActiveCfg = Unity|Any CPU
		{E05836D9-0BB3-4BFA-89E6-F5ED40A9D93C}.Unity|Any CPU.Build.0 = Unity|Any CPU
		{E05836D9-0BB3-4BFA-89E6-F5ED40A9D93C}.UnityRelease|Any CPU.ActiveCfg = UnityRelease|Any CPU
		{E05836D9-0BB3-4BFA-89E6-F5ED40A9D93C}.UnityRelease|Any CPU.Build.0 = UnityRelease|Any CPU
		{5D3507BD-D8DD-4255-A262-8E360E936F10}.Unity|Any CPU.ActiveCfg = Unity|Any CPU
		{5D3507BD-D8DD-4255-A262-8E360E936F10}.Unity|Any CPU.Build.0 = Unity|Any CPU
		{5D3507BD-D8DD-4255-A262-8E360E936F10}.UnityRelease|Any CPU.ActiveCfg = UnityRelease|Any CPU
		{5D3507BD-D8DD-4255-A262-8E360E936F10}.UnityRelease|Any CPU.Build.0 = UnityRelease|Any CPU
		{0EC48D10-8E81-4B43-A7EE-F4BD83516CEA}.Unity|Any CPU.ActiveCfg = Unity|Any CPU
		{0EC48D10-8E81-4B43-A7EE-F4BD83516CEA}.Unity|Any CPU.Build.0 = Unity|Any CPU
		{0EC48D10-8E81-4B43-A7EE-F4BD83516CEA}.UnityRelease|Any CPU.ActiveCfg = UnityRelease|Any CPU
		{0EC48D10-8E81-4B43-A7EE-F4BD83516CEA}.UnityRelease|Any CPU.Build.0 = UnityRelease|Any CPU
		{DB147104-0C6F-4723-A86F-005AC742D4E6}.Unity|Any CPU.ActiveCfg = Unity|Any CPU
		{DB147104-0C6F-4723-A86F-005AC742D4E6}.Unity|Any CPU.Build.0 = Unity|Any CPU
		{DB147104-0C6F-4723-A86F-005AC742D4E6}.UnityRelease|Any CPU.ActiveCfg = UnityRelease|Any CPU
		{DB147104-0C6F-4723-A86F-005AC742D4E6}.UnityRelease|Any CPU.Build.0 = UnityRelease|Any CPU
		{A862A5BD-6BE9-3CF4-0425-4D19E49B7496}.Unity|Any CPU.ActiveCfg = Unity|Any CPU
		{A862A5BD-6BE9-3CF4-0425-4D19E49B7496}.Unity|Any CPU.Build.0 = Unity|Any CPU
		{A862A5BD-6BE9-3CF4-0425-4D19E49B7496}.UnityRelease|Any CPU.ActiveCfg = UnityRelease|Any CPU
		{A862A5BD-6BE9-3CF4-0425-4D19E49B7496}.UnityRelease|Any CPU.Build.0 = UnityRelease|Any CPU
	EndGlobalSection
	GlobalSection(SolutionProperties) = preSolution
		HideSolutionNode = FALSE
	EndGlobalSection
	GlobalSection(NestedProjects) = preSolution
		{E05836D9-0BB3-4BFA-89E6-F5ED40A9D93C} = {D5DEE349-708E-4056-BBB5-C75C721969B3}
		{5D3507BD-D8DD-4255-A262-8E360E936F10} = {D5DEE349-708E-4056-BBB5-C75C721969B3}
		{0EC48D10-8E81-4B43-A7EE-F4BD83516CEA} = {D5DEE349-708E-4056-BBB5-C75C721969B3}
		{DB147104-0C6F-4723-A86F-005AC742D4E6} = {D5DEE349-708E-4056-BBB5-C75C721969B3}
	EndGlobalSection
EndGlobal
