--#include <System>
--#include "$(PROJECT_ROOT)sys/common.cbi"
--#include "$(PROJECT_ROOT)sys/default.cbi"
--#include "$(PROJECT_ROOT)sys/ext_xaml.cbi"

print "Configuring Build with CrystalBuild version $(CB_VER) ..."

AddSources("$(BUILD_DIR)", "*.cs", true)
AddSource("$(BUILD_DIR)Static.Resources.xaml")

AddContent("$(BUILD_DIR)Icons", "*.png", true)

SetOutputType("Library")
SetNamespace("CarbonCore.Resources")

AddProjectReference("$(PROJECT_ROOT)Source/Utils", "CarbonCore.Utils")

return WriteProjectFile()
