--#include <System>
--#include "$(PROJECT_ROOT)Sys/common.cbi"
--#include "$(PROJECT_ROOT)Sys/default.cbi"

print "Configuring Build with CrystalBuild version $(CB_VER) ..."

AddSources("$(BUILD_DIR)", "*.cs", true)

SetOutputType("Library")
SetNamespace("CarbonCore.Resources")

AddProjectReference("$(PROJECT_ROOT)Source/Utils", "CarbonCore.Utils")

return WriteProjectFile()
