--#include <System>
--#include "$(PROJECT_ROOT)sys/settings_common.cbi"
--#include "$(PROJECT_ROOT)sys/settings_default.cbi"
--#include "$(PROJECT_ROOT)sys/build_default.cbi"
--#include "$(PROJECT_ROOT)sys/ext_log4net.cbi"
--#include "$(PROJECT_ROOT)sys/ext_mahapps.metro.cbi"
--#include "$(PROJECT_ROOT)sys/ext_xaml.cbi"
--#include "$(PROJECT_ROOT)sys/ext_jetbrains.cbi"
--#include "$(PROJECT_ROOT)sys/ext_json.cbi"

print "Configuring Build with CrystalBuild version $(CB_VER) ..."

AddSources("$(BUILD_DIR)", "*.cs", true)

SetOutputType("Library")
SetNamespace("CarbonCore.ToolFramework.Windows")

AddProjectReference("$(PROJECT_ROOT)Source/ContentServices", "CarbonCore.ContentServices")
AddProjectReference("$(PROJECT_ROOT)Source/ToolFramework", "CarbonCore.ToolFramework")
AddProjectReference("$(PROJECT_ROOT)Source/Resources", "CarbonCore.Resources")
AddProjectReference("$(PROJECT_ROOT)Source/Utils", "CarbonCore.Utils")
AddProjectReference("$(PROJECT_ROOT)Source/Utils/Edge", "CarbonCore.Utils.Edge")
AddProjectReference("$(PROJECT_ROOT)Source/Utils/Edge/WPF", "CarbonCore.Utils.Edge.WPF")

return WriteProjectFile()
