--#include <System>
--#include "$(PROJECT_ROOT)Sys/common.cbi"
--#include "$(PROJECT_ROOT)Sys/default.cbi"
--#include "$(PROJECT_ROOT)Sys/ext_log4net.cbi"
--#include "$(PROJECT_ROOT)Sys/ext_mahapps.metro.cbi"
--#include "$(PROJECT_ROOT)Sys/ext_xaml.cbi"
--#include "$(PROJECT_ROOT)Sys/ext_jetbrains.cbi"

print "Configuring Build with CrystalBuild version $(CB_VER) ..."

AddSources("$(BUILD_DIR)", "*.cs", true)

SetOutputType("Library")
SetNamespace("CarbonCore.ToolFramework.Windows")

AddProjectReference("$(PROJECT_ROOT)External/Newtonsoft.Json", "Newtonsoft.Json")
AddProjectReference("$(PROJECT_ROOT)Source/ContentServices", "CarbonCore.ContentServices")
AddProjectReference("$(PROJECT_ROOT)Source/ToolFramework", "CarbonCore.ToolFramework")
AddProjectReference("$(PROJECT_ROOT)Source/Resources", "CarbonCore.Resources")
AddProjectReference("$(PROJECT_ROOT)Source/Utils", "CarbonCore.Utils")
AddProjectReference("$(PROJECT_ROOT)Source/Utils/Edge", "CarbonCore.Utils.Edge")
AddProjectReference("$(PROJECT_ROOT)Source/Utils/Edge/WPF", "CarbonCore.Utils.Edge.WPF")

return WriteProjectFile()
