
Microsoft Visual Studio Solution File, Format Version 12.00
# Visual Studio 15
VisualStudioVersion = 15.0.26228.9
MinimumVisualStudioVersion = 10.0.40219.1
Project("{FAE04EC0-301F-11D3-BF4B-00C04F79EFBC}") = "CarbonCore.GrammarParser", "GrammarParser\CarbonCore.GrammarParser.csproj", "{0C420751-8D0B-4F5C-85E3-956726711BBA}"
EndProject
Project("{FAE04EC0-301F-11D3-BF4B-00C04F79EFBC}") = "CarbonCore.ToolFramework", "ToolFramework\CarbonCore.ToolFramework.csproj", "{583A2FEA-FADC-4B29-82C3-D7D8ECF7D46C}"
EndProject
Project("{FAE04EC0-301F-11D3-BF4B-00C04F79EFBC}") = "CarbonCore.Utils", "Utils\CarbonCore.Utils.csproj", "{433FB455-502B-42CE-8AC3-19CC0C392835}"
EndProject
Project("{FAE04EC0-301F-11D3-BF4B-00C04F79EFBC}") = "CarbonCore.Tests", "Tests\CarbonCore.Tests.csproj", "{89067C4A-3E45-4F35-A795-A753DD4117CA}"
EndProject
Project("{FAE04EC0-301F-11D3-BF4B-00C04F79EFBC}") = "CarbonCore.Resources", "Resources\CarbonCore.Resources.csproj", "{08A5DE34-5B50-4143-BCBF-A6831523B0C9}"
EndProject
Project("{FAE04EC0-301F-11D3-BF4B-00C04F79EFBC}") = "CarbonCore.CodeGeneration", "CodeGeneration\CarbonCore.CodeGeneration.csproj", "{2A5BFE66-A0D6-41CC-8874-337B9DE5F6CB}"
EndProject
Project("{FAE04EC0-301F-11D3-BF4B-00C04F79EFBC}") = "CarbonCore.Processing", "Processing\CarbonCore.Processing.csproj", "{A10E689C-99CD-422F-907C-7FED67F0BB9B}"
EndProject
Project("{FAE04EC0-301F-11D3-BF4B-00C04F79EFBC}") = "CarbonCore.ContentServices", "ContentServices\CarbonCore.ContentServices.csproj", "{0341FBE1-FDAC-4F06-BB51-201A74CD3E13}"
EndProject
Project("{FAE04EC0-301F-11D3-BF4B-00C04F79EFBC}") = "CarbonCore.CFS", "CFS\CarbonCore.CFS.csproj", "{0FA5CD5B-BA8D-4181-B63F-1FC3A2BB9B08}"
EndProject
Project("{FAE04EC0-301F-11D3-BF4B-00C04F79EFBC}") = "CarbonCore.Utils.Edge", "Utils\Edge\CarbonCore.Utils.Edge.csproj", "{3A2C588F-7CCC-4E9F-AFDF-4698BB753BB3}"
EndProject
Project("{FAE04EC0-301F-11D3-BF4B-00C04F79EFBC}") = "CarbonCore.Utils.Edge.CommandLine", "Utils\Edge\CommandLine\CarbonCore.Utils.Edge.CommandLine.csproj", "{5EA04F3F-32E7-4C23-BBF7-8025F5EB8818}"
EndProject
Project("{2150E333-8FDC-42A3-9474-1A3956D46DE8}") = "Utils", "Utils", "{840BD203-1747-4DDF-B23F-666DC252952C}"
EndProject
Project("{FAE04EC0-301F-11D3-BF4B-00C04F79EFBC}") = "CarbonCore.Utils.Edge.WPF", "Utils\Edge\WPF\CarbonCore.Utils.Edge.WPF.csproj", "{F2B2F419-5BC8-45E7-99C8-F6904FA42631}"
EndProject
Project("{FAE04EC0-301F-11D3-BF4B-00C04F79EFBC}") = "CarbonCore.Utils.Edge.DirectX", "Utils\Edge\DirectX\CarbonCore.Utils.Edge.DirectX.csproj", "{282BD146-717B-4FE9-B13D-B8DA9F0430B7}"
EndProject
Project("{FAE04EC0-301F-11D3-BF4B-00C04F79EFBC}") = "CarbonCore.ContentServices.Edge", "ContentServices\Edge\CarbonCore.ContentServices.Edge.csproj", "{8BB8FC64-ECFF-49FB-8E4C-102DA4686C86}"
EndProject
Project("{2150E333-8FDC-42A3-9474-1A3956D46DE8}") = "Tests", "Tests", "{FE64595E-07DB-412B-A5B7-0A64EABB3A4A}"
EndProject
Project("{2150E333-8FDC-42A3-9474-1A3956D46DE8}") = "Content", "Content", "{398B0266-738E-449E-B12C-9DB5A2CA4797}"
EndProject
Project("{2150E333-8FDC-42A3-9474-1A3956D46DE8}") = "ToolFramework", "ToolFramework", "{BFF63B4F-00C5-4315-8D22-6312782CFBE6}"
EndProject
Project("{FAE04EC0-301F-11D3-BF4B-00C04F79EFBC}") = "CarbonCore.ToolFramework.Windows", "ToolFramework\Windows\CarbonCore.ToolFramework.Windows.csproj", "{DCD633CD-3523-49A9-AB09-AE9237017F11}"
EndProject
Project("{FAE04EC0-301F-11D3-BF4B-00C04F79EFBC}") = "CarbonCore.ToolFramework.Console", "ToolFramework\Console\CarbonCore.ToolFramework.Console.csproj", "{449690E6-806C-4ED3-8F19-523D62ED7617}"
EndProject
Project("{2150E333-8FDC-42A3-9474-1A3956D46DE8}") = "External", "External", "{E928C946-3E15-46DB-8F1F-26523482FEAC}"
EndProject
Project("{FAE04EC0-301F-11D3-BF4B-00C04F79EFBC}") = "CarbonCore.ContentServices.Sql", "ContentServices\Sql\CarbonCore.ContentServices.Sql.csproj", "{4B15B5AA-0B46-438E-A9C7-09C81C278D81}"
EndProject
Project("{FAE04EC0-301F-11D3-BF4B-00C04F79EFBC}") = "CarbonCore.Utils.Lua", "Utils\Lua\CarbonCore.Utils.Lua.csproj", "{F145398A-7879-43E5-88AC-1302F00A2775}"
EndProject
Project("{FAE04EC0-301F-11D3-BF4B-00C04F79EFBC}") = "MonoGame.Math", "..\External\MonoGame.Math\MonoGame.Math.csproj", "{8098D715-0DE2-4AB8-B031-53B3F49CE972}"
EndProject
Project("{FAE04EC0-301F-11D3-BF4B-00C04F79EFBC}") = "CarbonCore.Unity.Utils", "Unity\Utils\CarbonCore.Unity.Utils.csproj", "{BAD78ED2-9261-4396-A0E1-6F1F9BA4C274}"
EndProject
Project("{FAE04EC0-301F-11D3-BF4B-00C04F79EFBC}") = "CarbonCore.Unity.Tests", "Unity\Tests\CarbonCore.Unity.Tests.csproj", "{37BB9F60-1868-47CD-A72A-07D1CE204CEC}"
EndProject
Project("{FAE04EC0-301F-11D3-BF4B-00C04F79EFBC}") = "CarbonCore.Unity.Editor.Utils", "Unity\Editor\Utils\CarbonCore.Unity.Editor.Utils.csproj", "{9AA210F2-94FE-4CB6-89DA-CE5FBA1791CF}"
EndProject
Project("{2150E333-8FDC-42A3-9474-1A3956D46DE8}") = "Unity", "Unity", "{F4C6BB42-8EAA-444A-BC4B-A11193E16570}"
EndProject
Project("{2150E333-8FDC-42A3-9474-1A3956D46DE8}") = "Editor", "Editor", "{BC88B8CD-6DD9-413D-8057-9B5FC4FFEBF2}"
EndProject
Project("{FAE04EC0-301F-11D3-BF4B-00C04F79EFBC}") = "CarbonCore.CrystalBuild.Console", "CrystalBuild\Console\CarbonCore.CrystalBuild.Console.csproj", "{35C6CF76-5371-4834-8BC5-B0443D8848E6}"
EndProject
Project("{FAE04EC0-301F-11D3-BF4B-00C04F79EFBC}") = "CarbonCore.CrystalBuild", "CrystalBuild\CarbonCore.CrystalBuild.csproj", "{988A937C-2E7A-4BB3-ACF0-847D591A4E18}"
EndProject
Project("{2150E333-8FDC-42A3-9474-1A3956D46DE8}") = "CrystalBuild", "CrystalBuild", "{BC54AF1F-FEB8-4164-AB91-104D1253D7F8}"
EndProject
Global
	GlobalSection(SolutionConfigurationPlatforms) = preSolution
		Debug|Any CPU = Debug|Any CPU
		Release|Any CPU = Release|Any CPU
		Unity|Any CPU = Unity|Any CPU
		UnityRelease|Any CPU = UnityRelease|Any CPU
	EndGlobalSection
	GlobalSection(ProjectConfigurationPlatforms) = postSolution
		{0C420751-8D0B-4F5C-85E3-956726711BBA}.Debug|Any CPU.ActiveCfg = Debug|Any CPU
		{0C420751-8D0B-4F5C-85E3-956726711BBA}.Debug|Any CPU.Build.0 = Debug|Any CPU
		{0C420751-8D0B-4F5C-85E3-956726711BBA}.Release|Any CPU.ActiveCfg = Release|Any CPU
		{0C420751-8D0B-4F5C-85E3-956726711BBA}.Release|Any CPU.Build.0 = Release|Any CPU
		{0C420751-8D0B-4F5C-85E3-956726711BBA}.Unity|Any CPU.ActiveCfg = Release|Any CPU
		{0C420751-8D0B-4F5C-85E3-956726711BBA}.UnityRelease|Any CPU.ActiveCfg = Release|Any CPU
		{0C420751-8D0B-4F5C-85E3-956726711BBA}.UnityRelease|Any CPU.Build.0 = Release|Any CPU
		{583A2FEA-FADC-4B29-82C3-D7D8ECF7D46C}.Debug|Any CPU.ActiveCfg = Debug|Any CPU
		{583A2FEA-FADC-4B29-82C3-D7D8ECF7D46C}.Debug|Any CPU.Build.0 = Debug|Any CPU
		{583A2FEA-FADC-4B29-82C3-D7D8ECF7D46C}.Release|Any CPU.ActiveCfg = Release|Any CPU
		{583A2FEA-FADC-4B29-82C3-D7D8ECF7D46C}.Release|Any CPU.Build.0 = Release|Any CPU
		{583A2FEA-FADC-4B29-82C3-D7D8ECF7D46C}.Unity|Any CPU.ActiveCfg = Release|Any CPU
		{583A2FEA-FADC-4B29-82C3-D7D8ECF7D46C}.UnityRelease|Any CPU.ActiveCfg = Release|Any CPU
		{583A2FEA-FADC-4B29-82C3-D7D8ECF7D46C}.UnityRelease|Any CPU.Build.0 = Release|Any CPU
		{433FB455-502B-42CE-8AC3-19CC0C392835}.Debug|Any CPU.ActiveCfg = Debug|Any CPU
		{433FB455-502B-42CE-8AC3-19CC0C392835}.Debug|Any CPU.Build.0 = Debug|Any CPU
		{433FB455-502B-42CE-8AC3-19CC0C392835}.Release|Any CPU.ActiveCfg = Release|Any CPU
		{433FB455-502B-42CE-8AC3-19CC0C392835}.Release|Any CPU.Build.0 = Release|Any CPU
		{433FB455-502B-42CE-8AC3-19CC0C392835}.Unity|Any CPU.ActiveCfg = UnityRelease|Any CPU
		{433FB455-502B-42CE-8AC3-19CC0C392835}.Unity|Any CPU.Build.0 = UnityRelease|Any CPU
		{433FB455-502B-42CE-8AC3-19CC0C392835}.UnityRelease|Any CPU.ActiveCfg = UnityRelease|Any CPU
		{433FB455-502B-42CE-8AC3-19CC0C392835}.UnityRelease|Any CPU.Build.0 = UnityRelease|Any CPU
		{89067C4A-3E45-4F35-A795-A753DD4117CA}.Debug|Any CPU.ActiveCfg = Debug|Any CPU
		{89067C4A-3E45-4F35-A795-A753DD4117CA}.Debug|Any CPU.Build.0 = Debug|Any CPU
		{89067C4A-3E45-4F35-A795-A753DD4117CA}.Release|Any CPU.ActiveCfg = Debug|Any CPU
		{89067C4A-3E45-4F35-A795-A753DD4117CA}.Unity|Any CPU.ActiveCfg = Debug|Any CPU
		{89067C4A-3E45-4F35-A795-A753DD4117CA}.UnityRelease|Any CPU.ActiveCfg = Release|Any CPU
		{89067C4A-3E45-4F35-A795-A753DD4117CA}.UnityRelease|Any CPU.Build.0 = Release|Any CPU
		{08A5DE34-5B50-4143-BCBF-A6831523B0C9}.Debug|Any CPU.ActiveCfg = Debug|Any CPU
		{08A5DE34-5B50-4143-BCBF-A6831523B0C9}.Debug|Any CPU.Build.0 = Debug|Any CPU
		{08A5DE34-5B50-4143-BCBF-A6831523B0C9}.Release|Any CPU.ActiveCfg = Release|Any CPU
		{08A5DE34-5B50-4143-BCBF-A6831523B0C9}.Release|Any CPU.Build.0 = Release|Any CPU
		{08A5DE34-5B50-4143-BCBF-A6831523B0C9}.Unity|Any CPU.ActiveCfg = Release|Any CPU
		{08A5DE34-5B50-4143-BCBF-A6831523B0C9}.UnityRelease|Any CPU.ActiveCfg = Release|Any CPU
		{08A5DE34-5B50-4143-BCBF-A6831523B0C9}.UnityRelease|Any CPU.Build.0 = Release|Any CPU
		{2A5BFE66-A0D6-41CC-8874-337B9DE5F6CB}.Debug|Any CPU.ActiveCfg = Release|Any CPU
		{2A5BFE66-A0D6-41CC-8874-337B9DE5F6CB}.Debug|Any CPU.Build.0 = Release|Any CPU
		{2A5BFE66-A0D6-41CC-8874-337B9DE5F6CB}.Release|Any CPU.ActiveCfg = Release|Any CPU
		{2A5BFE66-A0D6-41CC-8874-337B9DE5F6CB}.Release|Any CPU.Build.0 = Release|Any CPU
		{2A5BFE66-A0D6-41CC-8874-337B9DE5F6CB}.Unity|Any CPU.ActiveCfg = Release|Any CPU
		{2A5BFE66-A0D6-41CC-8874-337B9DE5F6CB}.UnityRelease|Any CPU.ActiveCfg = Release|Any CPU
		{2A5BFE66-A0D6-41CC-8874-337B9DE5F6CB}.UnityRelease|Any CPU.Build.0 = Release|Any CPU
		{A10E689C-99CD-422F-907C-7FED67F0BB9B}.Debug|Any CPU.ActiveCfg = Debug|Any CPU
		{A10E689C-99CD-422F-907C-7FED67F0BB9B}.Debug|Any CPU.Build.0 = Debug|Any CPU
		{A10E689C-99CD-422F-907C-7FED67F0BB9B}.Release|Any CPU.ActiveCfg = Release|Any CPU
		{A10E689C-99CD-422F-907C-7FED67F0BB9B}.Release|Any CPU.Build.0 = Release|Any CPU
		{A10E689C-99CD-422F-907C-7FED67F0BB9B}.Unity|Any CPU.ActiveCfg = Release|Any CPU
		{A10E689C-99CD-422F-907C-7FED67F0BB9B}.UnityRelease|Any CPU.ActiveCfg = Release|Any CPU
		{A10E689C-99CD-422F-907C-7FED67F0BB9B}.UnityRelease|Any CPU.Build.0 = Release|Any CPU
		{0341FBE1-FDAC-4F06-BB51-201A74CD3E13}.Debug|Any CPU.ActiveCfg = Debug|Any CPU
		{0341FBE1-FDAC-4F06-BB51-201A74CD3E13}.Debug|Any CPU.Build.0 = Debug|Any CPU
		{0341FBE1-FDAC-4F06-BB51-201A74CD3E13}.Release|Any CPU.ActiveCfg = Release|Any CPU
		{0341FBE1-FDAC-4F06-BB51-201A74CD3E13}.Release|Any CPU.Build.0 = Release|Any CPU
		{0341FBE1-FDAC-4F06-BB51-201A74CD3E13}.Unity|Any CPU.ActiveCfg = UnityRelease|Any CPU
		{0341FBE1-FDAC-4F06-BB51-201A74CD3E13}.Unity|Any CPU.Build.0 = UnityRelease|Any CPU
		{0341FBE1-FDAC-4F06-BB51-201A74CD3E13}.UnityRelease|Any CPU.ActiveCfg = UnityRelease|Any CPU
		{0341FBE1-FDAC-4F06-BB51-201A74CD3E13}.UnityRelease|Any CPU.Build.0 = UnityRelease|Any CPU
		{0FA5CD5B-BA8D-4181-B63F-1FC3A2BB9B08}.Debug|Any CPU.ActiveCfg = Debug|Any CPU
		{0FA5CD5B-BA8D-4181-B63F-1FC3A2BB9B08}.Debug|Any CPU.Build.0 = Debug|Any CPU
		{0FA5CD5B-BA8D-4181-B63F-1FC3A2BB9B08}.Release|Any CPU.ActiveCfg = Release|Any CPU
		{0FA5CD5B-BA8D-4181-B63F-1FC3A2BB9B08}.Release|Any CPU.Build.0 = Release|Any CPU
		{0FA5CD5B-BA8D-4181-B63F-1FC3A2BB9B08}.Unity|Any CPU.ActiveCfg = Release|Any CPU
		{0FA5CD5B-BA8D-4181-B63F-1FC3A2BB9B08}.UnityRelease|Any CPU.ActiveCfg = Release|Any CPU
		{0FA5CD5B-BA8D-4181-B63F-1FC3A2BB9B08}.UnityRelease|Any CPU.Build.0 = Release|Any CPU
		{3A2C588F-7CCC-4E9F-AFDF-4698BB753BB3}.Debug|Any CPU.ActiveCfg = Debug|Any CPU
		{3A2C588F-7CCC-4E9F-AFDF-4698BB753BB3}.Debug|Any CPU.Build.0 = Debug|Any CPU
		{3A2C588F-7CCC-4E9F-AFDF-4698BB753BB3}.Release|Any CPU.ActiveCfg = Release|Any CPU
		{3A2C588F-7CCC-4E9F-AFDF-4698BB753BB3}.Release|Any CPU.Build.0 = Release|Any CPU
		{3A2C588F-7CCC-4E9F-AFDF-4698BB753BB3}.Unity|Any CPU.ActiveCfg = Release|Any CPU
		{3A2C588F-7CCC-4E9F-AFDF-4698BB753BB3}.UnityRelease|Any CPU.ActiveCfg = Release|Any CPU
		{3A2C588F-7CCC-4E9F-AFDF-4698BB753BB3}.UnityRelease|Any CPU.Build.0 = Release|Any CPU
		{5EA04F3F-32E7-4C23-BBF7-8025F5EB8818}.Debug|Any CPU.ActiveCfg = Debug|Any CPU
		{5EA04F3F-32E7-4C23-BBF7-8025F5EB8818}.Debug|Any CPU.Build.0 = Debug|Any CPU
		{5EA04F3F-32E7-4C23-BBF7-8025F5EB8818}.Release|Any CPU.ActiveCfg = Release|Any CPU
		{5EA04F3F-32E7-4C23-BBF7-8025F5EB8818}.Release|Any CPU.Build.0 = Release|Any CPU
		{5EA04F3F-32E7-4C23-BBF7-8025F5EB8818}.Unity|Any CPU.ActiveCfg = Release|Any CPU
		{5EA04F3F-32E7-4C23-BBF7-8025F5EB8818}.UnityRelease|Any CPU.ActiveCfg = Release|Any CPU
		{5EA04F3F-32E7-4C23-BBF7-8025F5EB8818}.UnityRelease|Any CPU.Build.0 = Release|Any CPU
		{F2B2F419-5BC8-45E7-99C8-F6904FA42631}.Debug|Any CPU.ActiveCfg = Debug|Any CPU
		{F2B2F419-5BC8-45E7-99C8-F6904FA42631}.Debug|Any CPU.Build.0 = Debug|Any CPU
		{F2B2F419-5BC8-45E7-99C8-F6904FA42631}.Release|Any CPU.ActiveCfg = Release|Any CPU
		{F2B2F419-5BC8-45E7-99C8-F6904FA42631}.Release|Any CPU.Build.0 = Release|Any CPU
		{F2B2F419-5BC8-45E7-99C8-F6904FA42631}.Unity|Any CPU.ActiveCfg = Release|Any CPU
		{F2B2F419-5BC8-45E7-99C8-F6904FA42631}.UnityRelease|Any CPU.ActiveCfg = Release|Any CPU
		{F2B2F419-5BC8-45E7-99C8-F6904FA42631}.UnityRelease|Any CPU.Build.0 = Release|Any CPU
		{282BD146-717B-4FE9-B13D-B8DA9F0430B7}.Debug|Any CPU.ActiveCfg = Debug|Any CPU
		{282BD146-717B-4FE9-B13D-B8DA9F0430B7}.Debug|Any CPU.Build.0 = Debug|Any CPU
		{282BD146-717B-4FE9-B13D-B8DA9F0430B7}.Release|Any CPU.ActiveCfg = Release|Any CPU
		{282BD146-717B-4FE9-B13D-B8DA9F0430B7}.Release|Any CPU.Build.0 = Release|Any CPU
		{282BD146-717B-4FE9-B13D-B8DA9F0430B7}.Unity|Any CPU.ActiveCfg = Release|Any CPU
		{282BD146-717B-4FE9-B13D-B8DA9F0430B7}.UnityRelease|Any CPU.ActiveCfg = Release|Any CPU
		{282BD146-717B-4FE9-B13D-B8DA9F0430B7}.UnityRelease|Any CPU.Build.0 = Release|Any CPU
		{8BB8FC64-ECFF-49FB-8E4C-102DA4686C86}.Debug|Any CPU.ActiveCfg = Debug|Any CPU
		{8BB8FC64-ECFF-49FB-8E4C-102DA4686C86}.Debug|Any CPU.Build.0 = Debug|Any CPU
		{8BB8FC64-ECFF-49FB-8E4C-102DA4686C86}.Release|Any CPU.ActiveCfg = Release|Any CPU
		{8BB8FC64-ECFF-49FB-8E4C-102DA4686C86}.Release|Any CPU.Build.0 = Release|Any CPU
		{8BB8FC64-ECFF-49FB-8E4C-102DA4686C86}.Unity|Any CPU.ActiveCfg = Release|Any CPU
		{8BB8FC64-ECFF-49FB-8E4C-102DA4686C86}.UnityRelease|Any CPU.ActiveCfg = Release|Any CPU
		{8BB8FC64-ECFF-49FB-8E4C-102DA4686C86}.UnityRelease|Any CPU.Build.0 = Release|Any CPU
		{DCD633CD-3523-49A9-AB09-AE9237017F11}.Debug|Any CPU.ActiveCfg = Debug|Any CPU
		{DCD633CD-3523-49A9-AB09-AE9237017F11}.Debug|Any CPU.Build.0 = Debug|Any CPU
		{DCD633CD-3523-49A9-AB09-AE9237017F11}.Release|Any CPU.ActiveCfg = Release|Any CPU
		{DCD633CD-3523-49A9-AB09-AE9237017F11}.Release|Any CPU.Build.0 = Release|Any CPU
		{DCD633CD-3523-49A9-AB09-AE9237017F11}.Unity|Any CPU.ActiveCfg = Release|Any CPU
		{DCD633CD-3523-49A9-AB09-AE9237017F11}.UnityRelease|Any CPU.ActiveCfg = Release|Any CPU
		{DCD633CD-3523-49A9-AB09-AE9237017F11}.UnityRelease|Any CPU.Build.0 = Release|Any CPU
		{449690E6-806C-4ED3-8F19-523D62ED7617}.Debug|Any CPU.ActiveCfg = Debug|Any CPU
		{449690E6-806C-4ED3-8F19-523D62ED7617}.Debug|Any CPU.Build.0 = Debug|Any CPU
		{449690E6-806C-4ED3-8F19-523D62ED7617}.Release|Any CPU.ActiveCfg = Release|Any CPU
		{449690E6-806C-4ED3-8F19-523D62ED7617}.Release|Any CPU.Build.0 = Release|Any CPU
		{449690E6-806C-4ED3-8F19-523D62ED7617}.Unity|Any CPU.ActiveCfg = Release|Any CPU
		{449690E6-806C-4ED3-8F19-523D62ED7617}.UnityRelease|Any CPU.ActiveCfg = Release|Any CPU
		{449690E6-806C-4ED3-8F19-523D62ED7617}.UnityRelease|Any CPU.Build.0 = Release|Any CPU
		{4B15B5AA-0B46-438E-A9C7-09C81C278D81}.Debug|Any CPU.ActiveCfg = Debug|Any CPU
		{4B15B5AA-0B46-438E-A9C7-09C81C278D81}.Debug|Any CPU.Build.0 = Debug|Any CPU
		{4B15B5AA-0B46-438E-A9C7-09C81C278D81}.Release|Any CPU.ActiveCfg = Release|Any CPU
		{4B15B5AA-0B46-438E-A9C7-09C81C278D81}.Release|Any CPU.Build.0 = Release|Any CPU
		{4B15B5AA-0B46-438E-A9C7-09C81C278D81}.Unity|Any CPU.ActiveCfg = Release|Any CPU
		{4B15B5AA-0B46-438E-A9C7-09C81C278D81}.UnityRelease|Any CPU.ActiveCfg = Release|Any CPU
		{4B15B5AA-0B46-438E-A9C7-09C81C278D81}.UnityRelease|Any CPU.Build.0 = Release|Any CPU
		{F145398A-7879-43E5-88AC-1302F00A2775}.Debug|Any CPU.ActiveCfg = Debug|Any CPU
		{F145398A-7879-43E5-88AC-1302F00A2775}.Debug|Any CPU.Build.0 = Debug|Any CPU
		{F145398A-7879-43E5-88AC-1302F00A2775}.Release|Any CPU.ActiveCfg = Release|Any CPU
		{F145398A-7879-43E5-88AC-1302F00A2775}.Release|Any CPU.Build.0 = Release|Any CPU
		{F145398A-7879-43E5-88AC-1302F00A2775}.Unity|Any CPU.ActiveCfg = Release|Any CPU
		{F145398A-7879-43E5-88AC-1302F00A2775}.UnityRelease|Any CPU.ActiveCfg = Release|Any CPU
		{F145398A-7879-43E5-88AC-1302F00A2775}.UnityRelease|Any CPU.Build.0 = Release|Any CPU
		{8098D715-0DE2-4AB8-B031-53B3F49CE972}.Debug|Any CPU.ActiveCfg = Debug|Any CPU
		{8098D715-0DE2-4AB8-B031-53B3F49CE972}.Debug|Any CPU.Build.0 = Debug|Any CPU
		{8098D715-0DE2-4AB8-B031-53B3F49CE972}.Release|Any CPU.ActiveCfg = Release|Any CPU
		{8098D715-0DE2-4AB8-B031-53B3F49CE972}.Release|Any CPU.Build.0 = Release|Any CPU
		{8098D715-0DE2-4AB8-B031-53B3F49CE972}.Unity|Any CPU.ActiveCfg = Release|Any CPU
		{8098D715-0DE2-4AB8-B031-53B3F49CE972}.Unity|Any CPU.Build.0 = Release|Any CPU
		{8098D715-0DE2-4AB8-B031-53B3F49CE972}.UnityRelease|Any CPU.ActiveCfg = UnityRelease|Any CPU
		{8098D715-0DE2-4AB8-B031-53B3F49CE972}.UnityRelease|Any CPU.Build.0 = UnityRelease|Any CPU
		{BAD78ED2-9261-4396-A0E1-6F1F9BA4C274}.Debug|Any CPU.ActiveCfg = Unity|Any CPU
		{BAD78ED2-9261-4396-A0E1-6F1F9BA4C274}.Debug|Any CPU.Build.0 = Unity|Any CPU
		{BAD78ED2-9261-4396-A0E1-6F1F9BA4C274}.Release|Any CPU.ActiveCfg = UnityRelease|Any CPU
		{BAD78ED2-9261-4396-A0E1-6F1F9BA4C274}.Release|Any CPU.Build.0 = UnityRelease|Any CPU
		{BAD78ED2-9261-4396-A0E1-6F1F9BA4C274}.Unity|Any CPU.ActiveCfg = UnityRelease|Any CPU
		{BAD78ED2-9261-4396-A0E1-6F1F9BA4C274}.Unity|Any CPU.Build.0 = UnityRelease|Any CPU
		{BAD78ED2-9261-4396-A0E1-6F1F9BA4C274}.UnityRelease|Any CPU.ActiveCfg = UnityRelease|Any CPU
		{BAD78ED2-9261-4396-A0E1-6F1F9BA4C274}.UnityRelease|Any CPU.Build.0 = UnityRelease|Any CPU
		{37BB9F60-1868-47CD-A72A-07D1CE204CEC}.Debug|Any CPU.ActiveCfg = Unity|Any CPU
		{37BB9F60-1868-47CD-A72A-07D1CE204CEC}.Debug|Any CPU.Build.0 = Unity|Any CPU
		{37BB9F60-1868-47CD-A72A-07D1CE204CEC}.Release|Any CPU.ActiveCfg = UnityRelease|Any CPU
		{37BB9F60-1868-47CD-A72A-07D1CE204CEC}.Release|Any CPU.Build.0 = UnityRelease|Any CPU
		{37BB9F60-1868-47CD-A72A-07D1CE204CEC}.Unity|Any CPU.ActiveCfg = UnityRelease|Any CPU
		{37BB9F60-1868-47CD-A72A-07D1CE204CEC}.Unity|Any CPU.Build.0 = UnityRelease|Any CPU
		{37BB9F60-1868-47CD-A72A-07D1CE204CEC}.UnityRelease|Any CPU.ActiveCfg = UnityRelease|Any CPU
		{37BB9F60-1868-47CD-A72A-07D1CE204CEC}.UnityRelease|Any CPU.Build.0 = UnityRelease|Any CPU
		{9AA210F2-94FE-4CB6-89DA-CE5FBA1791CF}.Debug|Any CPU.ActiveCfg = Unity|Any CPU
		{9AA210F2-94FE-4CB6-89DA-CE5FBA1791CF}.Debug|Any CPU.Build.0 = Unity|Any CPU
		{9AA210F2-94FE-4CB6-89DA-CE5FBA1791CF}.Release|Any CPU.ActiveCfg = UnityRelease|Any CPU
		{9AA210F2-94FE-4CB6-89DA-CE5FBA1791CF}.Release|Any CPU.Build.0 = UnityRelease|Any CPU
		{9AA210F2-94FE-4CB6-89DA-CE5FBA1791CF}.Unity|Any CPU.ActiveCfg = UnityRelease|Any CPU
		{9AA210F2-94FE-4CB6-89DA-CE5FBA1791CF}.Unity|Any CPU.Build.0 = UnityRelease|Any CPU
		{9AA210F2-94FE-4CB6-89DA-CE5FBA1791CF}.UnityRelease|Any CPU.ActiveCfg = UnityRelease|Any CPU
		{9AA210F2-94FE-4CB6-89DA-CE5FBA1791CF}.UnityRelease|Any CPU.Build.0 = UnityRelease|Any CPU
		{35C6CF76-5371-4834-8BC5-B0443D8848E6}.Debug|Any CPU.ActiveCfg = Debug|Any CPU
		{35C6CF76-5371-4834-8BC5-B0443D8848E6}.Debug|Any CPU.Build.0 = Debug|Any CPU
		{35C6CF76-5371-4834-8BC5-B0443D8848E6}.Release|Any CPU.ActiveCfg = Release|Any CPU
		{35C6CF76-5371-4834-8BC5-B0443D8848E6}.Release|Any CPU.Build.0 = Release|Any CPU
		{35C6CF76-5371-4834-8BC5-B0443D8848E6}.Unity|Any CPU.ActiveCfg = Release|Any CPU
		{35C6CF76-5371-4834-8BC5-B0443D8848E6}.Unity|Any CPU.Build.0 = Release|Any CPU
		{35C6CF76-5371-4834-8BC5-B0443D8848E6}.UnityRelease|Any CPU.ActiveCfg = Release|Any CPU
		{35C6CF76-5371-4834-8BC5-B0443D8848E6}.UnityRelease|Any CPU.Build.0 = Release|Any CPU
		{988A937C-2E7A-4BB3-ACF0-847D591A4E18}.Debug|Any CPU.ActiveCfg = Debug|Any CPU
		{988A937C-2E7A-4BB3-ACF0-847D591A4E18}.Debug|Any CPU.Build.0 = Debug|Any CPU
		{988A937C-2E7A-4BB3-ACF0-847D591A4E18}.Release|Any CPU.ActiveCfg = Release|Any CPU
		{988A937C-2E7A-4BB3-ACF0-847D591A4E18}.Release|Any CPU.Build.0 = Release|Any CPU
		{988A937C-2E7A-4BB3-ACF0-847D591A4E18}.Unity|Any CPU.ActiveCfg = Release|Any CPU
		{988A937C-2E7A-4BB3-ACF0-847D591A4E18}.Unity|Any CPU.Build.0 = Release|Any CPU
		{988A937C-2E7A-4BB3-ACF0-847D591A4E18}.UnityRelease|Any CPU.ActiveCfg = Release|Any CPU
		{988A937C-2E7A-4BB3-ACF0-847D591A4E18}.UnityRelease|Any CPU.Build.0 = Release|Any CPU
	EndGlobalSection
	GlobalSection(SolutionProperties) = preSolution
		HideSolutionNode = FALSE
	EndGlobalSection
	GlobalSection(NestedProjects) = preSolution
		{583A2FEA-FADC-4B29-82C3-D7D8ECF7D46C} = {BFF63B4F-00C5-4315-8D22-6312782CFBE6}
		{433FB455-502B-42CE-8AC3-19CC0C392835} = {840BD203-1747-4DDF-B23F-666DC252952C}
		{89067C4A-3E45-4F35-A795-A753DD4117CA} = {FE64595E-07DB-412B-A5B7-0A64EABB3A4A}
		{A10E689C-99CD-422F-907C-7FED67F0BB9B} = {398B0266-738E-449E-B12C-9DB5A2CA4797}
		{0341FBE1-FDAC-4F06-BB51-201A74CD3E13} = {398B0266-738E-449E-B12C-9DB5A2CA4797}
		{3A2C588F-7CCC-4E9F-AFDF-4698BB753BB3} = {840BD203-1747-4DDF-B23F-666DC252952C}
		{5EA04F3F-32E7-4C23-BBF7-8025F5EB8818} = {840BD203-1747-4DDF-B23F-666DC252952C}
		{F2B2F419-5BC8-45E7-99C8-F6904FA42631} = {840BD203-1747-4DDF-B23F-666DC252952C}
		{282BD146-717B-4FE9-B13D-B8DA9F0430B7} = {840BD203-1747-4DDF-B23F-666DC252952C}
		{8BB8FC64-ECFF-49FB-8E4C-102DA4686C86} = {398B0266-738E-449E-B12C-9DB5A2CA4797}
		{DCD633CD-3523-49A9-AB09-AE9237017F11} = {BFF63B4F-00C5-4315-8D22-6312782CFBE6}
		{449690E6-806C-4ED3-8F19-523D62ED7617} = {BFF63B4F-00C5-4315-8D22-6312782CFBE6}
		{4B15B5AA-0B46-438E-A9C7-09C81C278D81} = {398B0266-738E-449E-B12C-9DB5A2CA4797}
		{F145398A-7879-43E5-88AC-1302F00A2775} = {840BD203-1747-4DDF-B23F-666DC252952C}
		{8098D715-0DE2-4AB8-B031-53B3F49CE972} = {E928C946-3E15-46DB-8F1F-26523482FEAC}
		{BAD78ED2-9261-4396-A0E1-6F1F9BA4C274} = {F4C6BB42-8EAA-444A-BC4B-A11193E16570}
		{37BB9F60-1868-47CD-A72A-07D1CE204CEC} = {F4C6BB42-8EAA-444A-BC4B-A11193E16570}
		{9AA210F2-94FE-4CB6-89DA-CE5FBA1791CF} = {BC88B8CD-6DD9-413D-8057-9B5FC4FFEBF2}
		{BC88B8CD-6DD9-413D-8057-9B5FC4FFEBF2} = {F4C6BB42-8EAA-444A-BC4B-A11193E16570}
		{35C6CF76-5371-4834-8BC5-B0443D8848E6} = {BC54AF1F-FEB8-4164-AB91-104D1253D7F8}
		{988A937C-2E7A-4BB3-ACF0-847D591A4E18} = {BC54AF1F-FEB8-4164-AB91-104D1253D7F8}
	EndGlobalSection
EndGlobal
